{
  "version": 4,
  "terraform_version": "1.12.1",
  "serial": 403,
  "lineage": "7371fcb8-d5cb-700f-2eaf-fceacfccb4fa",
  "outputs": {
    "bastion_public_ip": {
      "value": "34.235.118.54",
      "type": "string"
    },
    "nginx_alb_dns": {
      "value": "nginx-alb-1449852088.us-east-1.elb.amazonaws.com",
      "type": "string"
    },
    "private_instance_private_ip": {
      "value": "10.0.3.93",
      "type": "string"
    }
  },
  "resources": [
    {
      "module": "module.ec2",
      "mode": "managed",
      "type": "aws_instance",
      "name": "bastion",
      "provider": "provider[\"registry.terraform.io/hashicorp/aws\"]",
      "instances": [
        {
          "schema_version": 1,
          "attributes": {
            "ami": "ami-020cba7c55df1f615",
            "arn": "arn:aws:ec2:us-east-1:056562103155:instance/i-0ea6198bbfe9927b8",
            "associate_public_ip_address": true,
            "availability_zone": "us-east-1a",
            "capacity_reservation_specification": [
              {
                "capacity_reservation_preference": "open",
                "capacity_reservation_target": []
              }
            ],
            "cpu_core_count": 1,
            "cpu_options": [
              {
                "amd_sev_snp": "",
                "core_count": 1,
                "threads_per_core": 1
              }
            ],
            "cpu_threads_per_core": 1,
            "credit_specification": [
              {
                "cpu_credits": "standard"
              }
            ],
            "disable_api_stop": false,
            "disable_api_termination": false,
            "ebs_block_device": [],
            "ebs_optimized": false,
            "enable_primary_ipv6": null,
            "enclave_options": [
              {
                "enabled": false
              }
            ],
            "ephemeral_block_device": [],
            "get_password_data": false,
            "hibernation": false,
            "host_id": "",
            "host_resource_group_arn": null,
            "iam_instance_profile": "",
            "id": "i-0ea6198bbfe9927b8",
            "instance_initiated_shutdown_behavior": "stop",
            "instance_lifecycle": "",
            "instance_market_options": [],
            "instance_state": "running",
            "instance_type": "t2.micro",
            "ipv6_address_count": 0,
            "ipv6_addresses": [],
            "key_name": "my-key",
            "launch_template": [],
            "maintenance_options": [
              {
                "auto_recovery": "default"
              }
            ],
            "metadata_options": [
              {
                "http_endpoint": "enabled",
                "http_protocol_ipv6": "disabled",
                "http_put_response_hop_limit": 2,
                "http_tokens": "required",
                "instance_metadata_tags": "disabled"
              }
            ],
            "monitoring": false,
            "network_interface": [],
            "outpost_arn": "",
            "password_data": "",
            "placement_group": "",
            "placement_partition_number": 0,
            "primary_network_interface_id": "eni-08d7470cd6eb37b34",
            "private_dns": "ip-10-0-1-146.ec2.internal",
            "private_dns_name_options": [
              {
                "enable_resource_name_dns_a_record": false,
                "enable_resource_name_dns_aaaa_record": false,
                "hostname_type": "ip-name"
              }
            ],
            "private_ip": "10.0.1.146",
            "public_dns": "",
            "public_ip": "34.235.118.54",
            "root_block_device": [
              {
                "delete_on_termination": true,
                "device_name": "/dev/sda1",
                "encrypted": false,
                "iops": 3000,
                "kms_key_id": "",
                "tags": {},
                "tags_all": {},
                "throughput": 125,
                "volume_id": "vol-00968850b41a6e704",
                "volume_size": 8,
                "volume_type": "gp3"
              }
            ],
            "secondary_private_ips": [],
            "security_groups": [],
            "source_dest_check": true,
            "spot_instance_request_id": "",
            "subnet_id": "subnet-0273ac34abc3cc05d",
            "tags": {
              "Name": "bastion-host"
            },
            "tags_all": {
              "Name": "bastion-host"
            },
            "tenancy": "default",
            "timeouts": null,
            "user_data": null,
            "user_data_base64": null,
            "user_data_replace_on_change": false,
            "volume_tags": null,
            "vpc_security_group_ids": [
              "sg-0f928fb8cfbb03eec"
            ]
          },
          "sensitive_attributes": [],
          "identity_schema_version": 0,
          "private": "eyJlMmJmYjczMC1lY2FhLTExZTYtOGY4OC0zNDM2M2JjN2M0YzAiOnsiY3JlYXRlIjo2MDAwMDAwMDAwMDAsImRlbGV0ZSI6MTIwMDAwMDAwMDAwMCwicmVhZCI6OTAwMDAwMDAwMDAwLCJ1cGRhdGUiOjYwMDAwMDAwMDAwMH0sInNjaGVtYV92ZXJzaW9uIjoiMSJ9",
          "dependencies": [
            "module.networking.aws_security_group.bastion_sg",
            "module.networking.aws_subnet.public_a",
            "module.networking.aws_vpc.main",
            "module.ssh_key.aws_key_pair.generated",
            "module.ssh_key.tls_private_key.ssh"
          ]
        }
      ]
    },
    {
      "module": "module.ec2",
      "mode": "managed",
      "type": "aws_instance",
      "name": "private_nginx",
      "provider": "provider[\"registry.terraform.io/hashicorp/aws\"]",
      "instances": [
        {
          "schema_version": 1,
          "attributes": {
            "ami": "ami-020cba7c55df1f615",
            "arn": "arn:aws:ec2:us-east-1:056562103155:instance/i-0f2aa5e96fb2ac781",
            "associate_public_ip_address": false,
            "availability_zone": "us-east-1a",
            "capacity_reservation_specification": [
              {
                "capacity_reservation_preference": "open",
                "capacity_reservation_target": []
              }
            ],
            "cpu_core_count": 1,
            "cpu_options": [
              {
                "amd_sev_snp": "",
                "core_count": 1,
                "threads_per_core": 1
              }
            ],
            "cpu_threads_per_core": 1,
            "credit_specification": [
              {
                "cpu_credits": "standard"
              }
            ],
            "disable_api_stop": false,
            "disable_api_termination": false,
            "ebs_block_device": [],
            "ebs_optimized": false,
            "enable_primary_ipv6": null,
            "enclave_options": [
              {
                "enabled": false
              }
            ],
            "ephemeral_block_device": [],
            "get_password_data": false,
            "hibernation": false,
            "host_id": "",
            "host_resource_group_arn": null,
            "iam_instance_profile": "",
            "id": "i-0f2aa5e96fb2ac781",
            "instance_initiated_shutdown_behavior": "stop",
            "instance_lifecycle": "",
            "instance_market_options": [],
            "instance_state": "running",
            "instance_type": "t2.micro",
            "ipv6_address_count": 0,
            "ipv6_addresses": [],
            "key_name": "my-key",
            "launch_template": [],
            "maintenance_options": [
              {
                "auto_recovery": "default"
              }
            ],
            "metadata_options": [
              {
                "http_endpoint": "enabled",
                "http_protocol_ipv6": "disabled",
                "http_put_response_hop_limit": 2,
                "http_tokens": "required",
                "instance_metadata_tags": "disabled"
              }
            ],
            "monitoring": false,
            "network_interface": [],
            "outpost_arn": "",
            "password_data": "",
            "placement_group": "",
            "placement_partition_number": 0,
            "primary_network_interface_id": "eni-08f52402513ecdf7c",
            "private_dns": "ip-10-0-3-93.ec2.internal",
            "private_dns_name_options": [
              {
                "enable_resource_name_dns_a_record": false,
                "enable_resource_name_dns_aaaa_record": false,
                "hostname_type": "ip-name"
              }
            ],
            "private_ip": "10.0.3.93",
            "public_dns": "",
            "public_ip": "",
            "root_block_device": [
              {
                "delete_on_termination": true,
                "device_name": "/dev/sda1",
                "encrypted": false,
                "iops": 3000,
                "kms_key_id": "",
                "tags": {},
                "tags_all": {},
                "throughput": 125,
                "volume_id": "vol-0975f4a7e8d388fe7",
                "volume_size": 8,
                "volume_type": "gp3"
              }
            ],
            "secondary_private_ips": [],
            "security_groups": [],
            "source_dest_check": true,
            "spot_instance_request_id": "",
            "subnet_id": "subnet-02b7f7131e3f84931",
            "tags": {
              "Name": "nginx-private"
            },
            "tags_all": {
              "Name": "nginx-private"
            },
            "tenancy": "default",
            "timeouts": null,
            "user_data": "a27a3e30359a114f5ce6420339a55871170d4f32",
            "user_data_base64": null,
            "user_data_replace_on_change": false,
            "volume_tags": null,
            "vpc_security_group_ids": [
              "sg-08c1c0a87b500eeac"
            ]
          },
          "sensitive_attributes": [],
          "identity_schema_version": 0,
          "private": "eyJlMmJmYjczMC1lY2FhLTExZTYtOGY4OC0zNDM2M2JjN2M0YzAiOnsiY3JlYXRlIjo2MDAwMDAwMDAwMDAsImRlbGV0ZSI6MTIwMDAwMDAwMDAwMCwicmVhZCI6OTAwMDAwMDAwMDAwLCJ1cGRhdGUiOjYwMDAwMDAwMDAwMH0sInNjaGVtYV92ZXJzaW9uIjoiMSJ9",
          "dependencies": [
            "module.networking.aws_security_group.private_sg",
            "module.networking.aws_subnet.private",
            "module.networking.aws_vpc.main",
            "module.ssh_key.aws_key_pair.generated",
            "module.ssh_key.tls_private_key.ssh"
          ]
        }
      ]
    },
    {
      "module": "module.ec2",
      "mode": "managed",
      "type": "aws_lb",
      "name": "nginx_alb",
      "provider": "provider[\"registry.terraform.io/hashicorp/aws\"]",
      "instances": [
        {
          "schema_version": 0,
          "attributes": {
            "access_logs": [
              {
                "bucket": "",
                "enabled": false,
                "prefix": ""
              }
            ],
            "arn": "arn:aws:elasticloadbalancing:us-east-1:056562103155:loadbalancer/app/nginx-alb/c7f2ef1e56fccf6c",
            "arn_suffix": "app/nginx-alb/c7f2ef1e56fccf6c",
            "client_keep_alive": 3600,
            "connection_logs": [
              {
                "bucket": "",
                "enabled": false,
                "prefix": ""
              }
            ],
            "customer_owned_ipv4_pool": "",
            "desync_mitigation_mode": "defensive",
            "dns_name": "nginx-alb-1449852088.us-east-1.elb.amazonaws.com",
            "dns_record_client_routing_policy": null,
            "drop_invalid_header_fields": false,
            "enable_cross_zone_load_balancing": true,
            "enable_deletion_protection": false,
            "enable_http2": true,
            "enable_tls_version_and_cipher_suite_headers": false,
            "enable_waf_fail_open": false,
            "enable_xff_client_port": false,
            "enable_zonal_shift": false,
            "enforce_security_group_inbound_rules_on_private_link_traffic": "",
            "id": "arn:aws:elasticloadbalancing:us-east-1:056562103155:loadbalancer/app/nginx-alb/c7f2ef1e56fccf6c",
            "idle_timeout": 60,
            "internal": false,
            "ip_address_type": "ipv4",
            "ipam_pools": [],
            "load_balancer_type": "application",
            "minimum_load_balancer_capacity": [],
            "name": "nginx-alb",
            "name_prefix": "",
            "preserve_host_header": false,
            "security_groups": [
              "sg-08c1c0a87b500eeac"
            ],
            "subnet_mapping": [
              {
                "allocation_id": "",
                "ipv6_address": "",
                "outpost_id": "",
                "private_ipv4_address": "",
                "subnet_id": "subnet-01539196f09c1fa91"
              },
              {
                "allocation_id": "",
                "ipv6_address": "",
                "outpost_id": "",
                "private_ipv4_address": "",
                "subnet_id": "subnet-0273ac34abc3cc05d"
              }
            ],
            "subnets": [
              "subnet-01539196f09c1fa91",
              "subnet-0273ac34abc3cc05d"
            ],
            "tags": {
              "Name": "nginx-alb"
            },
            "tags_all": {
              "Name": "nginx-alb"
            },
            "timeouts": null,
            "vpc_id": "vpc-03527a5d2c471b478",
            "xff_header_processing_mode": "append",
            "zone_id": "Z35SXDOTRQ7X7K"
          },
          "sensitive_attributes": [],
          "identity_schema_version": 0,
          "private": "eyJlMmJmYjczMC1lY2FhLTExZTYtOGY4OC0zNDM2M2JjN2M0YzAiOnsiY3JlYXRlIjo2MDAwMDAwMDAwMDAsImRlbGV0ZSI6NjAwMDAwMDAwMDAwLCJ1cGRhdGUiOjYwMDAwMDAwMDAwMH19",
          "dependencies": [
            "module.networking.aws_security_group.private_sg",
            "module.networking.aws_subnet.public_a",
            "module.networking.aws_subnet.public_b",
            "module.networking.aws_vpc.main"
          ]
        }
      ]
    },
    {
      "module": "module.ec2",
      "mode": "managed",
      "type": "aws_lb_listener",
      "name": "nginx_listener",
      "provider": "provider[\"registry.terraform.io/hashicorp/aws\"]",
      "instances": [
        {
          "schema_version": 0,
          "attributes": {
            "alpn_policy": null,
            "arn": "arn:aws:elasticloadbalancing:us-east-1:056562103155:listener/app/nginx-alb/c7f2ef1e56fccf6c/8e99c4c8dce6ff8c",
            "certificate_arn": null,
            "default_action": [
              {
                "authenticate_cognito": [],
                "authenticate_oidc": [],
                "fixed_response": [],
                "forward": [],
                "order": 1,
                "redirect": [],
                "target_group_arn": "arn:aws:elasticloadbalancing:us-east-1:056562103155:targetgroup/nginx-target-group/4d63c5c55b2fcc6e",
                "type": "forward"
              }
            ],
            "id": "arn:aws:elasticloadbalancing:us-east-1:056562103155:listener/app/nginx-alb/c7f2ef1e56fccf6c/8e99c4c8dce6ff8c",
            "load_balancer_arn": "arn:aws:elasticloadbalancing:us-east-1:056562103155:loadbalancer/app/nginx-alb/c7f2ef1e56fccf6c",
            "mutual_authentication": [],
            "port": 80,
            "protocol": "HTTP",
            "routing_http_request_x_amzn_mtls_clientcert_header_name": null,
            "routing_http_request_x_amzn_mtls_clientcert_issuer_header_name": null,
            "routing_http_request_x_amzn_mtls_clientcert_leaf_header_name": null,
            "routing_http_request_x_amzn_mtls_clientcert_serial_number_header_name": null,
            "routing_http_request_x_amzn_mtls_clientcert_subject_header_name": null,
            "routing_http_request_x_amzn_mtls_clientcert_validity_header_name": null,
            "routing_http_request_x_amzn_tls_cipher_suite_header_name": null,
            "routing_http_request_x_amzn_tls_version_header_name": null,
            "routing_http_response_access_control_allow_credentials_header_value": "",
            "routing_http_response_access_control_allow_headers_header_value": "",
            "routing_http_response_access_control_allow_methods_header_value": "",
            "routing_http_response_access_control_allow_origin_header_value": "",
            "routing_http_response_access_control_expose_headers_header_value": "",
            "routing_http_response_access_control_max_age_header_value": "",
            "routing_http_response_content_security_policy_header_value": "",
            "routing_http_response_server_enabled": true,
            "routing_http_response_strict_transport_security_header_value": "",
            "routing_http_response_x_content_type_options_header_value": "",
            "routing_http_response_x_frame_options_header_value": "",
            "ssl_policy": "",
            "tags": null,
            "tags_all": {},
            "tcp_idle_timeout_seconds": null,
            "timeouts": null
          },
          "sensitive_attributes": [],
          "identity_schema_version": 0,
          "private": "eyJlMmJmYjczMC1lY2FhLTExZTYtOGY4OC0zNDM2M2JjN2M0YzAiOnsiY3JlYXRlIjozMDAwMDAwMDAwMDAsInVwZGF0ZSI6MzAwMDAwMDAwMDAwfX0=",
          "dependencies": [
            "module.ec2.aws_lb.nginx_alb",
            "module.ec2.aws_lb_target_group.nginx_tg",
            "module.networking.aws_security_group.private_sg",
            "module.networking.aws_subnet.public_a",
            "module.networking.aws_subnet.public_b",
            "module.networking.aws_vpc.main"
          ]
        }
      ]
    },
    {
      "module": "module.ec2",
      "mode": "managed",
      "type": "aws_lb_target_group",
      "name": "nginx_tg",
      "provider": "provider[\"registry.terraform.io/hashicorp/aws\"]",
      "instances": [
        {
          "schema_version": 0,
          "attributes": {
            "arn": "arn:aws:elasticloadbalancing:us-east-1:056562103155:targetgroup/nginx-target-group/4d63c5c55b2fcc6e",
            "arn_suffix": "targetgroup/nginx-target-group/4d63c5c55b2fcc6e",
            "connection_termination": null,
            "deregistration_delay": "300",
            "health_check": [
              {
                "enabled": true,
                "healthy_threshold": 2,
                "interval": 30,
                "matcher": "200",
                "path": "/",
                "port": "traffic-port",
                "protocol": "HTTP",
                "timeout": 5,
                "unhealthy_threshold": 2
              }
            ],
            "id": "arn:aws:elasticloadbalancing:us-east-1:056562103155:targetgroup/nginx-target-group/4d63c5c55b2fcc6e",
            "ip_address_type": "ipv4",
            "lambda_multi_value_headers_enabled": false,
            "load_balancer_arns": [],
            "load_balancing_algorithm_type": "round_robin",
            "load_balancing_anomaly_mitigation": "off",
            "load_balancing_cross_zone_enabled": "use_load_balancer_configuration",
            "name": "nginx-target-group",
            "name_prefix": "",
            "port": 80,
            "preserve_client_ip": null,
            "protocol": "HTTP",
            "protocol_version": "HTTP1",
            "proxy_protocol_v2": false,
            "slow_start": 0,
            "stickiness": [
              {
                "cookie_duration": 86400,
                "cookie_name": "",
                "enabled": false,
                "type": "lb_cookie"
              }
            ],
            "tags": null,
            "tags_all": {},
            "target_failover": [
              {
                "on_deregistration": null,
                "on_unhealthy": null
              }
            ],
            "target_group_health": [
              {
                "dns_failover": [
                  {
                    "minimum_healthy_targets_count": "1",
                    "minimum_healthy_targets_percentage": "off"
                  }
                ],
                "unhealthy_state_routing": [
                  {
                    "minimum_healthy_targets_count": 1,
                    "minimum_healthy_targets_percentage": "off"
                  }
                ]
              }
            ],
            "target_health_state": [
              {
                "enable_unhealthy_connection_termination": null,
                "unhealthy_draining_interval": null
              }
            ],
            "target_type": "instance",
            "vpc_id": "vpc-03527a5d2c471b478"
          },
          "sensitive_attributes": [],
          "identity_schema_version": 0,
          "private": "bnVsbA==",
          "dependencies": [
            "module.networking.aws_vpc.main"
          ]
        }
      ]
    },
    {
      "module": "module.ec2",
      "mode": "managed",
      "type": "aws_lb_target_group_attachment",
      "name": "nginx_attach",
      "provider": "provider[\"registry.terraform.io/hashicorp/aws\"]",
      "instances": [
        {
          "schema_version": 0,
          "attributes": {
            "availability_zone": null,
            "id": "arn:aws:elasticloadbalancing:us-east-1:056562103155:targetgroup/nginx-target-group/4d63c5c55b2fcc6e-20250620054521815100000005",
            "port": 80,
            "target_group_arn": "arn:aws:elasticloadbalancing:us-east-1:056562103155:targetgroup/nginx-target-group/4d63c5c55b2fcc6e",
            "target_id": "i-0f2aa5e96fb2ac781"
          },
          "sensitive_attributes": [],
          "identity_schema_version": 0,
          "private": "bnVsbA==",
          "dependencies": [
            "module.ec2.aws_instance.private_nginx",
            "module.ec2.aws_lb_target_group.nginx_tg",
            "module.networking.aws_security_group.private_sg",
            "module.networking.aws_subnet.private",
            "module.networking.aws_vpc.main",
            "module.ssh_key.aws_key_pair.generated",
            "module.ssh_key.tls_private_key.ssh"
          ]
        }
      ]
    },
    {
      "module": "module.networking",
      "mode": "managed",
      "type": "aws_eip",
      "name": "nat",
      "provider": "provider[\"registry.terraform.io/hashicorp/aws\"]",
      "instances": [
        {
          "schema_version": 0,
          "attributes": {
            "address": null,
            "allocation_id": "eipalloc-03309d69ed0555b9d",
            "arn": "arn:aws:ec2:us-east-1:056562103155:elastic-ip/eipalloc-03309d69ed0555b9d",
            "associate_with_private_ip": null,
            "association_id": "",
            "carrier_ip": "",
            "customer_owned_ip": "",
            "customer_owned_ipv4_pool": "",
            "domain": "vpc",
            "id": "eipalloc-03309d69ed0555b9d",
            "instance": "",
            "ipam_pool_id": null,
            "network_border_group": "us-east-1",
            "network_interface": "",
            "private_dns": null,
            "private_ip": "",
            "ptr_record": "",
            "public_dns": "ec2-44-215-238-142.compute-1.amazonaws.com",
            "public_ip": "44.215.238.142",
            "public_ipv4_pool": "amazon",
            "tags": null,
            "tags_all": {},
            "timeouts": null,
            "vpc": true
          },
          "sensitive_attributes": [],
          "identity_schema_version": 0,
          "private": "eyJlMmJmYjczMC1lY2FhLTExZTYtOGY4OC0zNDM2M2JjN2M0YzAiOnsiZGVsZXRlIjoxODAwMDAwMDAwMDAsInJlYWQiOjkwMDAwMDAwMDAwMCwidXBkYXRlIjozMDAwMDAwMDAwMDB9fQ=="
        }
      ]
    },
    {
      "module": "module.networking",
      "mode": "managed",
      "type": "aws_internet_gateway",
      "name": "igw",
      "provider": "provider[\"registry.terraform.io/hashicorp/aws\"]",
      "instances": [
        {
          "schema_version": 0,
          "attributes": {
            "arn": "arn:aws:ec2:us-east-1:056562103155:internet-gateway/igw-03b852b178f03708b",
            "id": "igw-03b852b178f03708b",
            "owner_id": "056562103155",
            "tags": null,
            "tags_all": {},
            "timeouts": null,
            "vpc_id": "vpc-03527a5d2c471b478"
          },
          "sensitive_attributes": [],
          "identity_schema_version": 0,
          "private": "eyJlMmJmYjczMC1lY2FhLTExZTYtOGY4OC0zNDM2M2JjN2M0YzAiOnsiY3JlYXRlIjoxMjAwMDAwMDAwMDAwLCJkZWxldGUiOjEyMDAwMDAwMDAwMDAsInVwZGF0ZSI6MTIwMDAwMDAwMDAwMH19",
          "dependencies": [
            "module.networking.aws_vpc.main"
          ]
        }
      ]
    },
    {
      "module": "module.networking",
      "mode": "managed",
      "type": "aws_nat_gateway",
      "name": "nat",
      "provider": "provider[\"registry.terraform.io/hashicorp/aws\"]",
      "instances": [
        {
          "schema_version": 0,
          "attributes": {
            "allocation_id": "eipalloc-03309d69ed0555b9d",
            "association_id": "eipassoc-0c4b764baa6eea139",
            "connectivity_type": "public",
            "id": "nat-09dde43b7226fcb13",
            "network_interface_id": "eni-0e68a362d2d1a7a34",
            "private_ip": "10.0.1.172",
            "public_ip": "44.215.238.142",
            "secondary_allocation_ids": null,
            "secondary_private_ip_address_count": 0,
            "secondary_private_ip_addresses": [],
            "subnet_id": "subnet-0273ac34abc3cc05d",
            "tags": null,
            "tags_all": {},
            "timeouts": null
          },
          "sensitive_attributes": [],
          "identity_schema_version": 0,
          "private": "eyJlMmJmYjczMC1lY2FhLTExZTYtOGY4OC0zNDM2M2JjN2M0YzAiOnsiY3JlYXRlIjo2MDAwMDAwMDAwMDAsImRlbGV0ZSI6MTgwMDAwMDAwMDAwMCwidXBkYXRlIjo2MDAwMDAwMDAwMDB9fQ==",
          "dependencies": [
            "module.networking.aws_eip.nat",
            "module.networking.aws_internet_gateway.igw",
            "module.networking.aws_subnet.public_a",
            "module.networking.aws_vpc.main"
          ]
        }
      ]
    },
    {
      "module": "module.networking",
      "mode": "managed",
      "type": "aws_route_table",
      "name": "private",
      "provider": "provider[\"registry.terraform.io/hashicorp/aws\"]",
      "instances": [
        {
          "schema_version": 0,
          "attributes": {
            "arn": "arn:aws:ec2:us-east-1:056562103155:route-table/rtb-00f1f5adf86f31721",
            "id": "rtb-00f1f5adf86f31721",
            "owner_id": "056562103155",
            "propagating_vgws": [],
            "route": [
              {
                "carrier_gateway_id": "",
                "cidr_block": "0.0.0.0/0",
                "core_network_arn": "",
                "destination_prefix_list_id": "",
                "egress_only_gateway_id": "",
                "gateway_id": "",
                "ipv6_cidr_block": "",
                "local_gateway_id": "",
                "nat_gateway_id": "nat-09dde43b7226fcb13",
                "network_interface_id": "",
                "transit_gateway_id": "",
                "vpc_endpoint_id": "",
                "vpc_peering_connection_id": ""
              }
            ],
            "tags": null,
            "tags_all": {},
            "timeouts": null,
            "vpc_id": "vpc-03527a5d2c471b478"
          },
          "sensitive_attributes": [],
          "identity_schema_version": 0,
          "private": "eyJlMmJmYjczMC1lY2FhLTExZTYtOGY4OC0zNDM2M2JjN2M0YzAiOnsiY3JlYXRlIjozMDAwMDAwMDAwMDAsImRlbGV0ZSI6MzAwMDAwMDAwMDAwLCJ1cGRhdGUiOjEyMDAwMDAwMDAwMH19",
          "dependencies": [
            "module.networking.aws_eip.nat",
            "module.networking.aws_internet_gateway.igw",
            "module.networking.aws_nat_gateway.nat",
            "module.networking.aws_subnet.public_a",
            "module.networking.aws_vpc.main"
          ]
        }
      ]
    },
    {
      "module": "module.networking",
      "mode": "managed",
      "type": "aws_route_table",
      "name": "public",
      "provider": "provider[\"registry.terraform.io/hashicorp/aws\"]",
      "instances": [
        {
          "schema_version": 0,
          "attributes": {
            "arn": "arn:aws:ec2:us-east-1:056562103155:route-table/rtb-0ce7dc17b3333d0bd",
            "id": "rtb-0ce7dc17b3333d0bd",
            "owner_id": "056562103155",
            "propagating_vgws": [],
            "route": [
              {
                "carrier_gateway_id": "",
                "cidr_block": "0.0.0.0/0",
                "core_network_arn": "",
                "destination_prefix_list_id": "",
                "egress_only_gateway_id": "",
                "gateway_id": "igw-03b852b178f03708b",
                "ipv6_cidr_block": "",
                "local_gateway_id": "",
                "nat_gateway_id": "",
                "network_interface_id": "",
                "transit_gateway_id": "",
                "vpc_endpoint_id": "",
                "vpc_peering_connection_id": ""
              }
            ],
            "tags": null,
            "tags_all": {},
            "timeouts": null,
            "vpc_id": "vpc-03527a5d2c471b478"
          },
          "sensitive_attributes": [],
          "identity_schema_version": 0,
          "private": "eyJlMmJmYjczMC1lY2FhLTExZTYtOGY4OC0zNDM2M2JjN2M0YzAiOnsiY3JlYXRlIjozMDAwMDAwMDAwMDAsImRlbGV0ZSI6MzAwMDAwMDAwMDAwLCJ1cGRhdGUiOjEyMDAwMDAwMDAwMH19",
          "dependencies": [
            "module.networking.aws_internet_gateway.igw",
            "module.networking.aws_vpc.main"
          ]
        }
      ]
    },
    {
      "module": "module.networking",
      "mode": "managed",
      "type": "aws_route_table_association",
      "name": "private_assoc",
      "provider": "provider[\"registry.terraform.io/hashicorp/aws\"]",
      "instances": [
        {
          "schema_version": 0,
          "attributes": {
            "gateway_id": "",
            "id": "rtbassoc-0ab14793a7b0075d0",
            "route_table_id": "rtb-00f1f5adf86f31721",
            "subnet_id": "subnet-02b7f7131e3f84931",
            "timeouts": null
          },
          "sensitive_attributes": [],
          "identity_schema_version": 0,
          "private": "eyJlMmJmYjczMC1lY2FhLTExZTYtOGY4OC0zNDM2M2JjN2M0YzAiOnsiY3JlYXRlIjozMDAwMDAwMDAwMDAsImRlbGV0ZSI6MzAwMDAwMDAwMDAwLCJ1cGRhdGUiOjEyMDAwMDAwMDAwMH19",
          "dependencies": [
            "module.networking.aws_eip.nat",
            "module.networking.aws_internet_gateway.igw",
            "module.networking.aws_nat_gateway.nat",
            "module.networking.aws_route_table.private",
            "module.networking.aws_subnet.private",
            "module.networking.aws_subnet.public_a",
            "module.networking.aws_vpc.main"
          ]
        }
      ]
    },
    {
      "module": "module.networking",
      "mode": "managed",
      "type": "aws_route_table_association",
      "name": "public_assoc_a",
      "provider": "provider[\"registry.terraform.io/hashicorp/aws\"]",
      "instances": [
        {
          "schema_version": 0,
          "attributes": {
            "gateway_id": "",
            "id": "rtbassoc-014a417c56af74371",
            "route_table_id": "rtb-0ce7dc17b3333d0bd",
            "subnet_id": "subnet-0273ac34abc3cc05d",
            "timeouts": null
          },
          "sensitive_attributes": [],
          "identity_schema_version": 0,
          "private": "eyJlMmJmYjczMC1lY2FhLTExZTYtOGY4OC0zNDM2M2JjN2M0YzAiOnsiY3JlYXRlIjozMDAwMDAwMDAwMDAsImRlbGV0ZSI6MzAwMDAwMDAwMDAwLCJ1cGRhdGUiOjEyMDAwMDAwMDAwMH19",
          "dependencies": [
            "module.networking.aws_internet_gateway.igw",
            "module.networking.aws_route_table.public",
            "module.networking.aws_subnet.public_a",
            "module.networking.aws_vpc.main"
          ]
        }
      ]
    },
    {
      "module": "module.networking",
      "mode": "managed",
      "type": "aws_route_table_association",
      "name": "public_assoc_b",
      "provider": "provider[\"registry.terraform.io/hashicorp/aws\"]",
      "instances": [
        {
          "schema_version": 0,
          "attributes": {
            "gateway_id": "",
            "id": "rtbassoc-09b3f75a1b41f78d1",
            "route_table_id": "rtb-0ce7dc17b3333d0bd",
            "subnet_id": "subnet-01539196f09c1fa91",
            "timeouts": null
          },
          "sensitive_attributes": [],
          "identity_schema_version": 0,
          "private": "eyJlMmJmYjczMC1lY2FhLTExZTYtOGY4OC0zNDM2M2JjN2M0YzAiOnsiY3JlYXRlIjozMDAwMDAwMDAwMDAsImRlbGV0ZSI6MzAwMDAwMDAwMDAwLCJ1cGRhdGUiOjEyMDAwMDAwMDAwMH19",
          "dependencies": [
            "module.networking.aws_internet_gateway.igw",
            "module.networking.aws_route_table.public",
            "module.networking.aws_subnet.public_b",
            "module.networking.aws_vpc.main"
          ]
        }
      ]
    },
    {
      "module": "module.networking",
      "mode": "managed",
      "type": "aws_security_group",
      "name": "bastion_sg",
      "provider": "provider[\"registry.terraform.io/hashicorp/aws\"]",
      "instances": [
        {
          "schema_version": 1,
          "attributes": {
            "arn": "arn:aws:ec2:us-east-1:056562103155:security-group/sg-0f928fb8cfbb03eec",
            "description": "Allow SSH",
            "egress": [
              {
                "cidr_blocks": [
                  "0.0.0.0/0"
                ],
                "description": "",
                "from_port": 0,
                "ipv6_cidr_blocks": [],
                "prefix_list_ids": [],
                "protocol": "-1",
                "security_groups": [],
                "self": false,
                "to_port": 0
              }
            ],
            "id": "sg-0f928fb8cfbb03eec",
            "ingress": [
              {
                "cidr_blocks": [
                  "0.0.0.0/0"
                ],
                "description": "",
                "from_port": 22,
                "ipv6_cidr_blocks": [],
                "prefix_list_ids": [],
                "protocol": "tcp",
                "security_groups": [],
                "self": false,
                "to_port": 22
              }
            ],
            "name": "bastion-sg",
            "name_prefix": "",
            "owner_id": "056562103155",
            "revoke_rules_on_delete": false,
            "tags": null,
            "tags_all": {},
            "timeouts": null,
            "vpc_id": "vpc-03527a5d2c471b478"
          },
          "sensitive_attributes": [],
          "identity_schema_version": 0,
          "private": "eyJlMmJmYjczMC1lY2FhLTExZTYtOGY4OC0zNDM2M2JjN2M0YzAiOnsiY3JlYXRlIjo2MDAwMDAwMDAwMDAsImRlbGV0ZSI6OTAwMDAwMDAwMDAwfSwic2NoZW1hX3ZlcnNpb24iOiIxIn0=",
          "dependencies": [
            "module.networking.aws_vpc.main"
          ]
        }
      ]
    },
    {
      "module": "module.networking",
      "mode": "managed",
      "type": "aws_security_group",
      "name": "private_sg",
      "provider": "provider[\"registry.terraform.io/hashicorp/aws\"]",
      "instances": [
        {
          "schema_version": 1,
          "attributes": {
            "arn": "arn:aws:ec2:us-east-1:056562103155:security-group/sg-08c1c0a87b500eeac",
            "description": "Allow HTTP from ALB",
            "egress": [
              {
                "cidr_blocks": [
                  "0.0.0.0/0"
                ],
                "description": "",
                "from_port": 0,
                "ipv6_cidr_blocks": [],
                "prefix_list_ids": [],
                "protocol": "-1",
                "security_groups": [],
                "self": false,
                "to_port": 0
              }
            ],
            "id": "sg-08c1c0a87b500eeac",
            "ingress": [
              {
                "cidr_blocks": [
                  "0.0.0.0/0"
                ],
                "description": "",
                "from_port": 80,
                "ipv6_cidr_blocks": [],
                "prefix_list_ids": [],
                "protocol": "tcp",
                "security_groups": [],
                "self": false,
                "to_port": 80
              }
            ],
            "name": "private-sg",
            "name_prefix": "",
            "owner_id": "056562103155",
            "revoke_rules_on_delete": false,
            "tags": null,
            "tags_all": {},
            "timeouts": null,
            "vpc_id": "vpc-03527a5d2c471b478"
          },
          "sensitive_attributes": [],
          "identity_schema_version": 0,
          "private": "eyJlMmJmYjczMC1lY2FhLTExZTYtOGY4OC0zNDM2M2JjN2M0YzAiOnsiY3JlYXRlIjo2MDAwMDAwMDAwMDAsImRlbGV0ZSI6OTAwMDAwMDAwMDAwfSwic2NoZW1hX3ZlcnNpb24iOiIxIn0=",
          "dependencies": [
            "module.networking.aws_vpc.main"
          ]
        }
      ]
    },
    {
      "module": "module.networking",
      "mode": "managed",
      "type": "aws_subnet",
      "name": "private",
      "provider": "provider[\"registry.terraform.io/hashicorp/aws\"]",
      "instances": [
        {
          "schema_version": 1,
          "attributes": {
            "arn": "arn:aws:ec2:us-east-1:056562103155:subnet/subnet-02b7f7131e3f84931",
            "assign_ipv6_address_on_creation": false,
            "availability_zone": "us-east-1a",
            "availability_zone_id": "use1-az6",
            "cidr_block": "10.0.3.0/24",
            "customer_owned_ipv4_pool": "",
            "enable_dns64": false,
            "enable_lni_at_device_index": 0,
            "enable_resource_name_dns_a_record_on_launch": false,
            "enable_resource_name_dns_aaaa_record_on_launch": false,
            "id": "subnet-02b7f7131e3f84931",
            "ipv6_cidr_block": "",
            "ipv6_cidr_block_association_id": "",
            "ipv6_native": false,
            "map_customer_owned_ip_on_launch": false,
            "map_public_ip_on_launch": false,
            "outpost_arn": "",
            "owner_id": "056562103155",
            "private_dns_hostname_type_on_launch": "ip-name",
            "tags": {
              "Name": "private-subnet"
            },
            "tags_all": {
              "Name": "private-subnet"
            },
            "timeouts": null,
            "vpc_id": "vpc-03527a5d2c471b478"
          },
          "sensitive_attributes": [],
          "identity_schema_version": 0,
          "private": "eyJlMmJmYjczMC1lY2FhLTExZTYtOGY4OC0zNDM2M2JjN2M0YzAiOnsiY3JlYXRlIjo2MDAwMDAwMDAwMDAsImRlbGV0ZSI6MTIwMDAwMDAwMDAwMH0sInNjaGVtYV92ZXJzaW9uIjoiMSJ9",
          "dependencies": [
            "module.networking.aws_vpc.main"
          ]
        }
      ]
    },
    {
      "module": "module.networking",
      "mode": "managed",
      "type": "aws_subnet",
      "name": "public_a",
      "provider": "provider[\"registry.terraform.io/hashicorp/aws\"]",
      "instances": [
        {
          "schema_version": 1,
          "attributes": {
            "arn": "arn:aws:ec2:us-east-1:056562103155:subnet/subnet-0273ac34abc3cc05d",
            "assign_ipv6_address_on_creation": false,
            "availability_zone": "us-east-1a",
            "availability_zone_id": "use1-az6",
            "cidr_block": "10.0.1.0/24",
            "customer_owned_ipv4_pool": "",
            "enable_dns64": false,
            "enable_lni_at_device_index": 0,
            "enable_resource_name_dns_a_record_on_launch": false,
            "enable_resource_name_dns_aaaa_record_on_launch": false,
            "id": "subnet-0273ac34abc3cc05d",
            "ipv6_cidr_block": "",
            "ipv6_cidr_block_association_id": "",
            "ipv6_native": false,
            "map_customer_owned_ip_on_launch": false,
            "map_public_ip_on_launch": true,
            "outpost_arn": "",
            "owner_id": "056562103155",
            "private_dns_hostname_type_on_launch": "ip-name",
            "tags": {
              "Name": "public-subnet-a"
            },
            "tags_all": {
              "Name": "public-subnet-a"
            },
            "timeouts": null,
            "vpc_id": "vpc-03527a5d2c471b478"
          },
          "sensitive_attributes": [],
          "identity_schema_version": 0,
          "private": "eyJlMmJmYjczMC1lY2FhLTExZTYtOGY4OC0zNDM2M2JjN2M0YzAiOnsiY3JlYXRlIjo2MDAwMDAwMDAwMDAsImRlbGV0ZSI6MTIwMDAwMDAwMDAwMH0sInNjaGVtYV92ZXJzaW9uIjoiMSJ9",
          "dependencies": [
            "module.networking.aws_vpc.main"
          ]
        }
      ]
    },
    {
      "module": "module.networking",
      "mode": "managed",
      "type": "aws_subnet",
      "name": "public_b",
      "provider": "provider[\"registry.terraform.io/hashicorp/aws\"]",
      "instances": [
        {
          "schema_version": 1,
          "attributes": {
            "arn": "arn:aws:ec2:us-east-1:056562103155:subnet/subnet-01539196f09c1fa91",
            "assign_ipv6_address_on_creation": false,
            "availability_zone": "us-east-1b",
            "availability_zone_id": "use1-az1",
            "cidr_block": "10.0.2.0/24",
            "customer_owned_ipv4_pool": "",
            "enable_dns64": false,
            "enable_lni_at_device_index": 0,
            "enable_resource_name_dns_a_record_on_launch": false,
            "enable_resource_name_dns_aaaa_record_on_launch": false,
            "id": "subnet-01539196f09c1fa91",
            "ipv6_cidr_block": "",
            "ipv6_cidr_block_association_id": "",
            "ipv6_native": false,
            "map_customer_owned_ip_on_launch": false,
            "map_public_ip_on_launch": true,
            "outpost_arn": "",
            "owner_id": "056562103155",
            "private_dns_hostname_type_on_launch": "ip-name",
            "tags": {
              "Name": "public-subnet-b"
            },
            "tags_all": {
              "Name": "public-subnet-b"
            },
            "timeouts": null,
            "vpc_id": "vpc-03527a5d2c471b478"
          },
          "sensitive_attributes": [],
          "identity_schema_version": 0,
          "private": "eyJlMmJmYjczMC1lY2FhLTExZTYtOGY4OC0zNDM2M2JjN2M0YzAiOnsiY3JlYXRlIjo2MDAwMDAwMDAwMDAsImRlbGV0ZSI6MTIwMDAwMDAwMDAwMH0sInNjaGVtYV92ZXJzaW9uIjoiMSJ9",
          "dependencies": [
            "module.networking.aws_vpc.main"
          ]
        }
      ]
    },
    {
      "module": "module.networking",
      "mode": "managed",
      "type": "aws_vpc",
      "name": "main",
      "provider": "provider[\"registry.terraform.io/hashicorp/aws\"]",
      "instances": [
        {
          "schema_version": 1,
          "attributes": {
            "arn": "arn:aws:ec2:us-east-1:056562103155:vpc/vpc-03527a5d2c471b478",
            "assign_generated_ipv6_cidr_block": false,
            "cidr_block": "10.0.0.0/16",
            "default_network_acl_id": "acl-054d2f64fc787f2e9",
            "default_route_table_id": "rtb-0f15d51268140bce0",
            "default_security_group_id": "sg-0bd69111bc3dc55ce",
            "dhcp_options_id": "dopt-02e6f3eefb01baf5e",
            "enable_dns_hostnames": false,
            "enable_dns_support": true,
            "enable_network_address_usage_metrics": false,
            "id": "vpc-03527a5d2c471b478",
            "instance_tenancy": "default",
            "ipv4_ipam_pool_id": null,
            "ipv4_netmask_length": null,
            "ipv6_association_id": "",
            "ipv6_cidr_block": "",
            "ipv6_cidr_block_network_border_group": "",
            "ipv6_ipam_pool_id": "",
            "ipv6_netmask_length": 0,
            "main_route_table_id": "rtb-0f15d51268140bce0",
            "owner_id": "056562103155",
            "tags": {
              "Name": "custom-vpc"
            },
            "tags_all": {
              "Name": "custom-vpc"
            }
          },
          "sensitive_attributes": [],
          "identity_schema_version": 0,
          "private": "eyJzY2hlbWFfdmVyc2lvbiI6IjEifQ=="
        }
      ]
    },
    {
      "module": "module.ssh_key",
      "mode": "managed",
      "type": "aws_key_pair",
      "name": "generated",
      "provider": "provider[\"registry.terraform.io/hashicorp/aws\"]",
      "instances": [
        {
          "schema_version": 1,
          "attributes": {
            "arn": "arn:aws:ec2:us-east-1:056562103155:key-pair/my-key",
            "fingerprint": "c2:c7:f5:e6:f0:49:16:0d:28:c8:0a:36:4b:01:3c:05",
            "id": "my-key",
            "key_name": "my-key",
            "key_name_prefix": "",
            "key_pair_id": "key-03e5b40973a137eff",
            "key_type": "rsa",
            "public_key": "ssh-rsa AAAAB3NzaC1yc2EAAAADAQABAAACAQDHuGjA+EA7yYiCN4vFaXZmOUUgk81OANikQsV+Oqx3HtQFnWkcYSZw77k1hdE/J5lBC0TwTxl0Wssij/TZSACJMUZ3uJg/aUZHqRFj3jCEC161IVbsGIq6zBUyU3VYqPKoRwN8IM1yf04zi3hmMHDNMqEfUSIYsPaxSzGlls+n5sh0ucv4QRQMrKmKoKxO0OdZu1dBf+Ku3qGX3kcoNQS30z8DDIrdrhTlDrYhUXp9Ybm9cpsWX/XI22gsNzZDTSC5ohy0yMcwZkELGmu9A2U7lfoo4LlU5AQaDEmpokxjRvEkgXrOf2Ye4OrUEMkj+kRi8bamevg2/kdgn2st+9eNma6BqIQi2832C+/QdwtUbpBFQENVuLYAFMmNppR9p3dwc6MKtG7r9kxMbULil4jT10IWVV9QKN6ul7hOFzOKh7oQIuPLNPcrQP9uip01+UsJYh/9CJrUcy75c52K1mUeS/lJZzOhF0UY0WsExv9PVkmMwrcwr3MiiErWmUV7gecvfph9LD+eEB52XnwZhyDPTDk90lBcoCL78CO7YAb2xoTI5msSBq2WC/py3IrnKA0g0vrqhs/P/xyWdsAzuP6ci0Ytg/D1ZF3FVh0ATYFZEhWeOeWkLPlMklUr/qEIJRhikxSjlUp90vjxFTexSuSO/itmXNgpyDbn8IQn2Af8qw==",
            "tags": null,
            "tags_all": {}
          },
          "sensitive_attributes": [],
          "identity_schema_version": 0,
          "private": "eyJzY2hlbWFfdmVyc2lvbiI6IjEifQ==",
          "dependencies": [
            "module.ssh_key.tls_private_key.ssh"
          ],
          "create_before_destroy": true
        }
      ]
    },
    {
      "module": "module.ssh_key",
      "mode": "managed",
      "type": "local_file",
      "name": "private_key",
      "provider": "provider[\"registry.terraform.io/hashicorp/local\"]",
      "instances": [
        {
          "schema_version": 0,
          "attributes": {
            "content": "-----BEGIN RSA PRIVATE KEY-----\nMIIJJwIBAAKCAgEAx7howPhAO8mIgjeLxWl2ZjlFIJPNTgDYpELFfjqsdx7UBZ1p\nHGEmcO+5NYXRPyeZQQtE8E8ZdFrLIo/02UgAiTFGd7iYP2lGR6kRY94whAtetSFW\n7BiKuswVMlN1WKjyqEcDfCDNcn9OM4t4ZjBwzTKhH1EiGLD2sUsxpZbPp+bIdLnL\n+EEUDKypiqCsTtDnWbtXQX/irt6hl95HKDUEt9M/AwyK3a4U5Q62IVF6fWG5vXKb\nFl/1yNtoLDc2Q00guaIctMjHMGZBCxprvQNlO5X6KOC5VOQEGgxJqaJMY0bxJIF6\nzn9mHuDq1BDJI/pEYvG2pnr4Nv5HYJ9rLfvXjZmugaiEItvN9gvv0HcLVG6QRUBD\nVbi2ABTJjaaUfad3cHOjCrRu6/ZMTG1C4peI09dCFlVfUCjerpe4Thczioe6ECLj\nyzT3K0D/boqdNflLCWIf/Qia1HMu+XOditZlHkv5SWczoRdFGNFrBMb/T1ZJjMK3\nMK9zIohK1plFe4HnL36YfSw/nhAedl58GYcgz0w5PdJQXKAi+/Aju2AG9saEyOZr\nEgatlgv6ctyK5ygNINL66obPz/8clnbAM7j+nItGLYPw9WRdxVYdAE2BWRIVnjnl\npCz5TJJVK/6hCCUYYpMUo5VKfdL48RU3sUrkjv4rZlzYKcg25/CEJ9gH/KsCAwEA\nAQKCAgAX9BNFmEtP6wxpyGgFmHAAXlG0ULXDa2Y6+90m62Tq8TIZraGWgJpf2jM6\n6vPyi05zVtArsuOefmiK79FnIUkbKziZ5vRaSpyIv2DGuwvTkm+HRtqKJ361XQEV\nJPMChq96ekXojyCaNmWL2L2VzVfXbIFBjyAJQ77apbuXHMmGstm2POBsmRWNWES0\noS+j+6R7sR82dl7wJ+MhTUyjKF9f/Ws7HjfQ0u5OSJ+UdcAR+0oPzDKIkkrEDniQ\nhltbjWEQPT63JLYrJQsbs01aVpFqKO3fauXKJizNw6KEFg3rrEMDZK90xnfaL+dK\nNuyA2aUhFCoauSM9qUKooTDKy5U0VULyDgms57E8WryEH/P1CGs7liWBuRNzP8Wn\n52npDcCE/x0H5lyHPiaxAJS3PJomNWhOCyHA1iUPYbhW/yTCUyEf6ASoVQHGTKX8\nPiep9ZQESYYubvKOS9gxWrM8cA8RqH3msE0b0dbCnIMjiVWEoF7sbBOzyLQh+A6k\nHKe2urLt5bNBT09s4YOrh+hnNa85tCQNVfldCW7mVkB3IZk1t8bK/r9CDEGJ9Y/3\ncm4gnjtIIg6THO3QXoeybnBGUQ4dVKXvtjyqvNLaQGk4smt60SAQMuQr4NpxKpu0\nhWiZQQBKDAKCpelq3yTnH6xmYrsqkm9A4t1B4StxCEaE4Rxs5QKCAQEA8hD/TcmA\n83nrxZHwE/vI5f1+bG64qKlW/iKK9WWn6p7Vi/IP8Vxb+4vifnOHu8HM1jNAf222\nz0H2GfmBDMmr5Roh9DGoayf7olv7JOw3p8JCECNJFqZJrRXuKXLDEEo7L3pijT+d\n0onrJFbsJEVmCa3sSt3WPmfTt+C/1b2udiUyeVXhNJ6RQJeXSC3lEuFbzaCPal/V\nSpEV1NuGIOcdUp5Y6vSnzztoeZ5hXEyPpUzW3XpIkKH+5ixj5FKoSOvHks2ym0q9\neSWvDlqrtoZO1JtbblGD29xyiKyAft1a9CG2n2gzZmrd47fV9NU2EniS6Pjf/Aay\nXK+8xBhWySnotQKCAQEA0zdqeIchpKUMnYa9PB8Y67jNFxJ7rpHCtTVLZ/1R3saG\nx0BdiYvwdzCs1QebpnGLaaddQWQY7WCBL1J2iCIuJr/FaXAZ4tigZhVgUWMxStpa\nTdoSgX/REosxZjY1K340npCMZl8TLicSO6c7WDNTUkHOt25bW0kBN5AsVjN41Hzq\nqHnn+JUNij1NJwmSeSxhSuq6v7k8i6c9PaH/+NWPN4haKjwS3ui0+EQTSkpCuEgx\nrxCLnRJg2Nb6tLCD3ZREFqMqrfgEW0VRjaHHguVaHOa+e+bviyVqsq/QjcVLVWbZ\nfuUBg+S9YA31Qb2EF1y/qdrMygXwQodzI57PRfyL3wKCAQAQeD2Wok4mwrXa9Gn8\nQhZSJ6QxZnsj5pmnotwHhEofeX0YD3ksN9d+Tu8zIVMr4Cy6qjQKN4HHqjo/XC1+\nnD4Y0WVcAwDtgYPqcQ2uXnAO9vWduXjglKHQp/xTT56b/iD2wwHvkFOBnqakC1H3\nycz+fZnlIiDQkCnkieMjfMtg+Hjtrn0rIlrJpUbCv3SlizW+0NzRJQITF7n/iIwg\nsvjYxTNRkSHVxLoABFmleQQRACBiY06KoKsCKCUHxOP0Si6C+4HadQRdOMYnWN30\nBkFYz9UxtVQeYmpciDgZ6Z+lmqGdSO6uWjkMpFZnWRZbvV5pgX1j3WTHT6GtSeal\nuzc9AoIBAE+1LfzmIhAcKTKZUniJ08HBL8RxOTOb1jrELfzEYE0N5nbzF1l88fZI\n7DBIerjJSK9Kdarjt3R9YsMU/55IJ9p/rGQp5drxnTZpArw0DroMxN90WF9+eMvi\ns3W7Jz2OlxTvv8wyPO7B1+OjLIYQeHUmWHhosRk157usMM8nBYZKzdNejegFd+Kf\nV6pPtnL8CItZIbiQkwSwzC+iHxMspKt0TXJ60TRF5WV7azwx4hPhSr6iI83Wza2H\nE310z46jET7pvIWCf0JiWnB0iPIg02zstx3S/LsqF6XvK2kU92T3N0Tn7zZy7/R7\nz/5LIroeSkYzR+1FaHHy48Shfd8Pe0kCggEAJ9L3e0MQdlkxlebDmhg8txQZZtXj\nWkhxTrJ3C/PtmtvoreWhcnaSe13FLFk61FnDc49XgnVEBL94XTgRNC/MmQQbirk3\nf7LPg3nSDbZjLIKbm+ydbLLhrzi/8gQy14DFkpcTPrWOMtdsSJMxFtg6WwmSL86y\nBJN6Xyx/U1Rm3McWjoFVs09aIODi8VNpW2DboeeLJ1e1e5GxmXOE8c/NQ9YiQHSF\nGVstRPkVVvHbojDaGms8nZ37Rp0KzQ94A5/Gf7UgJXg+YCps4CY5xIsLK0Qv1M1A\nhS/7VZMOuAiodhqQadSeXTmm8ODzI561wOD7WpirKpu+u7lY+EI+QUII2Q==\n-----END RSA PRIVATE KEY-----\n",
            "content_base64": null,
            "content_base64sha256": "Pt1Xg9nJC3OpdhBmikF9pVoTAW6LU45bEs5YZjBWy+k=",
            "content_base64sha512": "X9gO/2xBNtdXvCPulo6p3+23YK594go9Tjg7xthe1lUI6grXE9A90zAsZXOtamqqVAG/aiCKBJd5FAVk8wzK0g==",
            "content_md5": "5241c8dd3714fbfe86bfffcdd5731d49",
            "content_sha1": "299b706c736ff0e560ca5bccf2684e2eb01c923a",
            "content_sha256": "3edd5783d9c90b73a97610668a417da55a13016e8b538e5b12ce58663056cbe9",
            "content_sha512": "5fd80eff6c4136d757bc23ee968ea9dfedb760ae7de20a3d4e383bc6d85ed65508ea0ad713d03dd3302c6573ad6a6aaa5401bf6a208a049779140564f30ccad2",
            "directory_permission": "0777",
            "file_permission": "0400",
            "filename": "modules/ssh-key/my-key.pem",
            "id": "299b706c736ff0e560ca5bccf2684e2eb01c923a",
            "sensitive_content": null,
            "source": null
          },
          "sensitive_attributes": [
            [
              {
                "type": "get_attr",
                "value": "content"
              }
            ],
            [
              {
                "type": "get_attr",
                "value": "sensitive_content"
              }
            ]
          ],
          "identity_schema_version": 0,
          "dependencies": [
            "module.ssh_key.tls_private_key.ssh"
          ]
        }
      ]
    },
    {
      "module": "module.ssh_key",
      "mode": "managed",
      "type": "tls_private_key",
      "name": "ssh",
      "provider": "provider[\"registry.terraform.io/hashicorp/tls\"]",
      "instances": [
        {
          "schema_version": 1,
          "attributes": {
            "algorithm": "RSA",
            "ecdsa_curve": "P224",
            "id": "c4e82dc328e5ad2c80392374e3a9cf3249e70305",
            "private_key_openssh": "-----BEGIN OPENSSH PRIVATE KEY-----\nb3BlbnNzaC1rZXktdjEAAAAABG5vbmUAAAAEbm9uZQAAAAAAAAABAAACFwAAAAdz\nc2gtcnNhAAAAAwEAAQAAAgEAx7howPhAO8mIgjeLxWl2ZjlFIJPNTgDYpELFfjqs\ndx7UBZ1pHGEmcO+5NYXRPyeZQQtE8E8ZdFrLIo/02UgAiTFGd7iYP2lGR6kRY94w\nhAtetSFW7BiKuswVMlN1WKjyqEcDfCDNcn9OM4t4ZjBwzTKhH1EiGLD2sUsxpZbP\np+bIdLnL+EEUDKypiqCsTtDnWbtXQX/irt6hl95HKDUEt9M/AwyK3a4U5Q62IVF6\nfWG5vXKbFl/1yNtoLDc2Q00guaIctMjHMGZBCxprvQNlO5X6KOC5VOQEGgxJqaJM\nY0bxJIF6zn9mHuDq1BDJI/pEYvG2pnr4Nv5HYJ9rLfvXjZmugaiEItvN9gvv0HcL\nVG6QRUBDVbi2ABTJjaaUfad3cHOjCrRu6/ZMTG1C4peI09dCFlVfUCjerpe4Thcz\nioe6ECLjyzT3K0D/boqdNflLCWIf/Qia1HMu+XOditZlHkv5SWczoRdFGNFrBMb/\nT1ZJjMK3MK9zIohK1plFe4HnL36YfSw/nhAedl58GYcgz0w5PdJQXKAi+/Aju2AG\n9saEyOZrEgatlgv6ctyK5ygNINL66obPz/8clnbAM7j+nItGLYPw9WRdxVYdAE2B\nWRIVnjnlpCz5TJJVK/6hCCUYYpMUo5VKfdL48RU3sUrkjv4rZlzYKcg25/CEJ9gH\n/KsAAAc4dHcPZXR3D2UAAAAHc3NoLXJzYQAAAgEAx7howPhAO8mIgjeLxWl2ZjlF\nIJPNTgDYpELFfjqsdx7UBZ1pHGEmcO+5NYXRPyeZQQtE8E8ZdFrLIo/02UgAiTFG\nd7iYP2lGR6kRY94whAtetSFW7BiKuswVMlN1WKjyqEcDfCDNcn9OM4t4ZjBwzTKh\nH1EiGLD2sUsxpZbPp+bIdLnL+EEUDKypiqCsTtDnWbtXQX/irt6hl95HKDUEt9M/\nAwyK3a4U5Q62IVF6fWG5vXKbFl/1yNtoLDc2Q00guaIctMjHMGZBCxprvQNlO5X6\nKOC5VOQEGgxJqaJMY0bxJIF6zn9mHuDq1BDJI/pEYvG2pnr4Nv5HYJ9rLfvXjZmu\ngaiEItvN9gvv0HcLVG6QRUBDVbi2ABTJjaaUfad3cHOjCrRu6/ZMTG1C4peI09dC\nFlVfUCjerpe4Thczioe6ECLjyzT3K0D/boqdNflLCWIf/Qia1HMu+XOditZlHkv5\nSWczoRdFGNFrBMb/T1ZJjMK3MK9zIohK1plFe4HnL36YfSw/nhAedl58GYcgz0w5\nPdJQXKAi+/Aju2AG9saEyOZrEgatlgv6ctyK5ygNINL66obPz/8clnbAM7j+nItG\nLYPw9WRdxVYdAE2BWRIVnjnlpCz5TJJVK/6hCCUYYpMUo5VKfdL48RU3sUrkjv4r\nZlzYKcg25/CEJ9gH/KsAAAADAQABAAACABf0E0WYS0/rDGnIaAWYcABeUbRQtcNr\nZjr73SbrZOrxMhmtoZaAml/aMzrq8/KLTnNW0Cuy455+aIrv0WchSRsrOJnm9FpK\nnIi/YMa7C9OSb4dG2oonfrVdARUk8wKGr3p6ReiPIJo2ZYvYvZXNV9dsgUGPIAlD\nvtqlu5ccyYay2bY84GyZFY1YRLShL6P7pHuxHzZ2XvAn4yFNTKMoX1/9azseN9DS\n7k5In5R1wBH7Sg/MMoiSSsQOeJCGW1uNYRA9PrcktislCxuzTVpWkWoo7d9q5com\nLM3DooQWDeusQwNkr3TGd9ov50o27IDZpSEUKhq5Iz2pQqihMMrLlTRVQvIOCazn\nsTxavIQf8/UIazuWJYG5E3M/xafnaekNwIT/HQfmXIc+JrEAlLc8miY1aE4LIcDW\nJQ9huFb/JMJTIR/oBKhVAcZMpfw+J6n1lARJhi5u8o5L2DFaszxwDxGofeawTRvR\n1sKcgyOJVYSgXuxsE7PItCH4DqQcp7a6su3ls0FPT2zhg6uH6Gc1rzm0JA1V+V0J\nbuZWQHchmTW3xsr+v0IMQYn1j/dybiCeO0giDpMc7dBeh7JucEZRDh1Upe+2PKq8\n0tpAaTiya3rRIBAy5Cvg2nEqm7SFaJlBAEoMAoKl6WrfJOcfrGZiuyqSb0Di3UHh\nK3EIRoThHGzlAAABACfS93tDEHZZMZXmw5oYPLcUGWbV41pIcU6ydwvz7Zrb6K3l\noXJ2kntdxSxZOtRZw3OPV4J1RAS/eF04ETQvzJkEG4q5N3+yz4N50g22YyyCm5vs\nnWyy4a84v/IEMteAxZKXEz61jjLXbEiTMRbYOlsJki/OsgSTel8sf1NUZtzHFo6B\nVbNPWiDg4vFTaVtg26HniydXtXuRsZlzhPHPzUPWIkB0hRlbLUT5FVbx26Iw2hpr\nPJ2d+0adCs0PeAOfxn+1ICV4PmAqbOAmOcSLCytEL9TNQIUv+1WTDrgIqHYakGnU\nnl05pvDg8yOetcDg+1qYqyqbvru5WPhCPkFCCNkAAAEBAPIQ/03JgPN568WR8BP7\nyOX9fmxuuKipVv4iivVlp+qe1YvyD/FcW/uL4n5zh7vBzNYzQH9tts9B9hn5gQzJ\nq+UaIfQxqGsn+6Jb+yTsN6fCQhAjSRamSa0V7ilywxBKOy96Yo0/ndKJ6yRW7CRF\nZgmt7Erd1j5n07fgv9W9rnYlMnlV4TSekUCXl0gt5RLhW82gj2pf1UqRFdTbhiDn\nHVKeWOr0p887aHmeYVxMj6VM1t16SJCh/uYsY+RSqEjrx5LNsptKvXklrw5aq7aG\nTtSbW25Rg9vccoisgH7dWvQhtp9oM2Zq3eO31fTVNhJ4kuj43/wGslyvvMQYVskp\n6LUAAAEBANM3aniHIaSlDJ2GvTwfGOu4zRcSe66RwrU1S2f9Ud7GhsdAXYmL8Hcw\nrNUHm6Zxi2mnXUFkGO1ggS9SdogiLia/xWlwGeLYoGYVYFFjMUraWk3aEoF/0RKL\nMWY2NSt+NJ6QjGZfEy4nEjunO1gzU1JBzrduW1tJATeQLFYzeNR86qh55/iVDYo9\nTScJknksYUrqur+5PIunPT2h//jVjzeIWio8Et7otPhEE0pKQrhIMa8Qi50SYNjW\n+rSwg92URBajKq34BFtFUY2hx4LlWhzmvnvm74slarKv0I3FS1Vm2X7lAYPkvWAN\n9UG9hBdcv6nazMoF8EKHcyOez0X8i98AAAAAAQID\n-----END OPENSSH PRIVATE KEY-----\n",
            "private_key_pem": "-----BEGIN RSA PRIVATE KEY-----\nMIIJJwIBAAKCAgEAx7howPhAO8mIgjeLxWl2ZjlFIJPNTgDYpELFfjqsdx7UBZ1p\nHGEmcO+5NYXRPyeZQQtE8E8ZdFrLIo/02UgAiTFGd7iYP2lGR6kRY94whAtetSFW\n7BiKuswVMlN1WKjyqEcDfCDNcn9OM4t4ZjBwzTKhH1EiGLD2sUsxpZbPp+bIdLnL\n+EEUDKypiqCsTtDnWbtXQX/irt6hl95HKDUEt9M/AwyK3a4U5Q62IVF6fWG5vXKb\nFl/1yNtoLDc2Q00guaIctMjHMGZBCxprvQNlO5X6KOC5VOQEGgxJqaJMY0bxJIF6\nzn9mHuDq1BDJI/pEYvG2pnr4Nv5HYJ9rLfvXjZmugaiEItvN9gvv0HcLVG6QRUBD\nVbi2ABTJjaaUfad3cHOjCrRu6/ZMTG1C4peI09dCFlVfUCjerpe4Thczioe6ECLj\nyzT3K0D/boqdNflLCWIf/Qia1HMu+XOditZlHkv5SWczoRdFGNFrBMb/T1ZJjMK3\nMK9zIohK1plFe4HnL36YfSw/nhAedl58GYcgz0w5PdJQXKAi+/Aju2AG9saEyOZr\nEgatlgv6ctyK5ygNINL66obPz/8clnbAM7j+nItGLYPw9WRdxVYdAE2BWRIVnjnl\npCz5TJJVK/6hCCUYYpMUo5VKfdL48RU3sUrkjv4rZlzYKcg25/CEJ9gH/KsCAwEA\nAQKCAgAX9BNFmEtP6wxpyGgFmHAAXlG0ULXDa2Y6+90m62Tq8TIZraGWgJpf2jM6\n6vPyi05zVtArsuOefmiK79FnIUkbKziZ5vRaSpyIv2DGuwvTkm+HRtqKJ361XQEV\nJPMChq96ekXojyCaNmWL2L2VzVfXbIFBjyAJQ77apbuXHMmGstm2POBsmRWNWES0\noS+j+6R7sR82dl7wJ+MhTUyjKF9f/Ws7HjfQ0u5OSJ+UdcAR+0oPzDKIkkrEDniQ\nhltbjWEQPT63JLYrJQsbs01aVpFqKO3fauXKJizNw6KEFg3rrEMDZK90xnfaL+dK\nNuyA2aUhFCoauSM9qUKooTDKy5U0VULyDgms57E8WryEH/P1CGs7liWBuRNzP8Wn\n52npDcCE/x0H5lyHPiaxAJS3PJomNWhOCyHA1iUPYbhW/yTCUyEf6ASoVQHGTKX8\nPiep9ZQESYYubvKOS9gxWrM8cA8RqH3msE0b0dbCnIMjiVWEoF7sbBOzyLQh+A6k\nHKe2urLt5bNBT09s4YOrh+hnNa85tCQNVfldCW7mVkB3IZk1t8bK/r9CDEGJ9Y/3\ncm4gnjtIIg6THO3QXoeybnBGUQ4dVKXvtjyqvNLaQGk4smt60SAQMuQr4NpxKpu0\nhWiZQQBKDAKCpelq3yTnH6xmYrsqkm9A4t1B4StxCEaE4Rxs5QKCAQEA8hD/TcmA\n83nrxZHwE/vI5f1+bG64qKlW/iKK9WWn6p7Vi/IP8Vxb+4vifnOHu8HM1jNAf222\nz0H2GfmBDMmr5Roh9DGoayf7olv7JOw3p8JCECNJFqZJrRXuKXLDEEo7L3pijT+d\n0onrJFbsJEVmCa3sSt3WPmfTt+C/1b2udiUyeVXhNJ6RQJeXSC3lEuFbzaCPal/V\nSpEV1NuGIOcdUp5Y6vSnzztoeZ5hXEyPpUzW3XpIkKH+5ixj5FKoSOvHks2ym0q9\neSWvDlqrtoZO1JtbblGD29xyiKyAft1a9CG2n2gzZmrd47fV9NU2EniS6Pjf/Aay\nXK+8xBhWySnotQKCAQEA0zdqeIchpKUMnYa9PB8Y67jNFxJ7rpHCtTVLZ/1R3saG\nx0BdiYvwdzCs1QebpnGLaaddQWQY7WCBL1J2iCIuJr/FaXAZ4tigZhVgUWMxStpa\nTdoSgX/REosxZjY1K340npCMZl8TLicSO6c7WDNTUkHOt25bW0kBN5AsVjN41Hzq\nqHnn+JUNij1NJwmSeSxhSuq6v7k8i6c9PaH/+NWPN4haKjwS3ui0+EQTSkpCuEgx\nrxCLnRJg2Nb6tLCD3ZREFqMqrfgEW0VRjaHHguVaHOa+e+bviyVqsq/QjcVLVWbZ\nfuUBg+S9YA31Qb2EF1y/qdrMygXwQodzI57PRfyL3wKCAQAQeD2Wok4mwrXa9Gn8\nQhZSJ6QxZnsj5pmnotwHhEofeX0YD3ksN9d+Tu8zIVMr4Cy6qjQKN4HHqjo/XC1+\nnD4Y0WVcAwDtgYPqcQ2uXnAO9vWduXjglKHQp/xTT56b/iD2wwHvkFOBnqakC1H3\nycz+fZnlIiDQkCnkieMjfMtg+Hjtrn0rIlrJpUbCv3SlizW+0NzRJQITF7n/iIwg\nsvjYxTNRkSHVxLoABFmleQQRACBiY06KoKsCKCUHxOP0Si6C+4HadQRdOMYnWN30\nBkFYz9UxtVQeYmpciDgZ6Z+lmqGdSO6uWjkMpFZnWRZbvV5pgX1j3WTHT6GtSeal\nuzc9AoIBAE+1LfzmIhAcKTKZUniJ08HBL8RxOTOb1jrELfzEYE0N5nbzF1l88fZI\n7DBIerjJSK9Kdarjt3R9YsMU/55IJ9p/rGQp5drxnTZpArw0DroMxN90WF9+eMvi\ns3W7Jz2OlxTvv8wyPO7B1+OjLIYQeHUmWHhosRk157usMM8nBYZKzdNejegFd+Kf\nV6pPtnL8CItZIbiQkwSwzC+iHxMspKt0TXJ60TRF5WV7azwx4hPhSr6iI83Wza2H\nE310z46jET7pvIWCf0JiWnB0iPIg02zstx3S/LsqF6XvK2kU92T3N0Tn7zZy7/R7\nz/5LIroeSkYzR+1FaHHy48Shfd8Pe0kCggEAJ9L3e0MQdlkxlebDmhg8txQZZtXj\nWkhxTrJ3C/PtmtvoreWhcnaSe13FLFk61FnDc49XgnVEBL94XTgRNC/MmQQbirk3\nf7LPg3nSDbZjLIKbm+ydbLLhrzi/8gQy14DFkpcTPrWOMtdsSJMxFtg6WwmSL86y\nBJN6Xyx/U1Rm3McWjoFVs09aIODi8VNpW2DboeeLJ1e1e5GxmXOE8c/NQ9YiQHSF\nGVstRPkVVvHbojDaGms8nZ37Rp0KzQ94A5/Gf7UgJXg+YCps4CY5xIsLK0Qv1M1A\nhS/7VZMOuAiodhqQadSeXTmm8ODzI561wOD7WpirKpu+u7lY+EI+QUII2Q==\n-----END RSA PRIVATE KEY-----\n",
            "private_key_pem_pkcs8": "-----BEGIN PRIVATE KEY-----\nMIIJQQIBADANBgkqhkiG9w0BAQEFAASCCSswggknAgEAAoICAQDHuGjA+EA7yYiC\nN4vFaXZmOUUgk81OANikQsV+Oqx3HtQFnWkcYSZw77k1hdE/J5lBC0TwTxl0Wssi\nj/TZSACJMUZ3uJg/aUZHqRFj3jCEC161IVbsGIq6zBUyU3VYqPKoRwN8IM1yf04z\ni3hmMHDNMqEfUSIYsPaxSzGlls+n5sh0ucv4QRQMrKmKoKxO0OdZu1dBf+Ku3qGX\n3kcoNQS30z8DDIrdrhTlDrYhUXp9Ybm9cpsWX/XI22gsNzZDTSC5ohy0yMcwZkEL\nGmu9A2U7lfoo4LlU5AQaDEmpokxjRvEkgXrOf2Ye4OrUEMkj+kRi8bamevg2/kdg\nn2st+9eNma6BqIQi2832C+/QdwtUbpBFQENVuLYAFMmNppR9p3dwc6MKtG7r9kxM\nbULil4jT10IWVV9QKN6ul7hOFzOKh7oQIuPLNPcrQP9uip01+UsJYh/9CJrUcy75\nc52K1mUeS/lJZzOhF0UY0WsExv9PVkmMwrcwr3MiiErWmUV7gecvfph9LD+eEB52\nXnwZhyDPTDk90lBcoCL78CO7YAb2xoTI5msSBq2WC/py3IrnKA0g0vrqhs/P/xyW\ndsAzuP6ci0Ytg/D1ZF3FVh0ATYFZEhWeOeWkLPlMklUr/qEIJRhikxSjlUp90vjx\nFTexSuSO/itmXNgpyDbn8IQn2Af8qwIDAQABAoICABf0E0WYS0/rDGnIaAWYcABe\nUbRQtcNrZjr73SbrZOrxMhmtoZaAml/aMzrq8/KLTnNW0Cuy455+aIrv0WchSRsr\nOJnm9FpKnIi/YMa7C9OSb4dG2oonfrVdARUk8wKGr3p6ReiPIJo2ZYvYvZXNV9ds\ngUGPIAlDvtqlu5ccyYay2bY84GyZFY1YRLShL6P7pHuxHzZ2XvAn4yFNTKMoX1/9\nazseN9DS7k5In5R1wBH7Sg/MMoiSSsQOeJCGW1uNYRA9PrcktislCxuzTVpWkWoo\n7d9q5comLM3DooQWDeusQwNkr3TGd9ov50o27IDZpSEUKhq5Iz2pQqihMMrLlTRV\nQvIOCaznsTxavIQf8/UIazuWJYG5E3M/xafnaekNwIT/HQfmXIc+JrEAlLc8miY1\naE4LIcDWJQ9huFb/JMJTIR/oBKhVAcZMpfw+J6n1lARJhi5u8o5L2DFaszxwDxGo\nfeawTRvR1sKcgyOJVYSgXuxsE7PItCH4DqQcp7a6su3ls0FPT2zhg6uH6Gc1rzm0\nJA1V+V0JbuZWQHchmTW3xsr+v0IMQYn1j/dybiCeO0giDpMc7dBeh7JucEZRDh1U\npe+2PKq80tpAaTiya3rRIBAy5Cvg2nEqm7SFaJlBAEoMAoKl6WrfJOcfrGZiuyqS\nb0Di3UHhK3EIRoThHGzlAoIBAQDyEP9NyYDzeevFkfAT+8jl/X5sbrioqVb+Ior1\nZafqntWL8g/xXFv7i+J+c4e7wczWM0B/bbbPQfYZ+YEMyavlGiH0MahrJ/uiW/sk\n7DenwkIQI0kWpkmtFe4pcsMQSjsvemKNP53SieskVuwkRWYJrexK3dY+Z9O34L/V\nva52JTJ5VeE0npFAl5dILeUS4VvNoI9qX9VKkRXU24Yg5x1Snljq9KfPO2h5nmFc\nTI+lTNbdekiQof7mLGPkUqhI68eSzbKbSr15Ja8OWqu2hk7Um1tuUYPb3HKIrIB+\n3Vr0IbafaDNmat3jt9X01TYSeJLo+N/8BrJcr7zEGFbJKei1AoIBAQDTN2p4hyGk\npQydhr08HxjruM0XEnuukcK1NUtn/VHexobHQF2Ji/B3MKzVB5umcYtpp11BZBjt\nYIEvUnaIIi4mv8VpcBni2KBmFWBRYzFK2lpN2hKBf9ESizFmNjUrfjSekIxmXxMu\nJxI7pztYM1NSQc63bltbSQE3kCxWM3jUfOqoeef4lQ2KPU0nCZJ5LGFK6rq/uTyL\npz09of/41Y83iFoqPBLe6LT4RBNKSkK4SDGvEIudEmDY1vq0sIPdlEQWoyqt+ARb\nRVGNoceC5Voc5r575u+LJWqyr9CNxUtVZtl+5QGD5L1gDfVBvYQXXL+p2szKBfBC\nh3Mjns9F/IvfAoIBABB4PZaiTibCtdr0afxCFlInpDFmeyPmmaei3AeESh95fRgP\neSw3135O7zMhUyvgLLqqNAo3gceqOj9cLX6cPhjRZVwDAO2Bg+pxDa5ecA729Z25\neOCUodCn/FNPnpv+IPbDAe+QU4GepqQLUffJzP59meUiINCQKeSJ4yN8y2D4eO2u\nfSsiWsmlRsK/dKWLNb7Q3NElAhMXuf+IjCCy+NjFM1GRIdXEugAEWaV5BBEAIGJj\nToqgqwIoJQfE4/RKLoL7gdp1BF04xidY3fQGQVjP1TG1VB5ialyIOBnpn6WaoZ1I\n7q5aOQykVmdZFlu9XmmBfWPdZMdPoa1J5qW7Nz0CggEAT7Ut/OYiEBwpMplSeInT\nwcEvxHE5M5vWOsQt/MRgTQ3mdvMXWXzx9kjsMEh6uMlIr0p1quO3dH1iwxT/nkgn\n2n+sZCnl2vGdNmkCvDQOugzE33RYX354y+KzdbsnPY6XFO+/zDI87sHX46MshhB4\ndSZYeGixGTXnu6wwzycFhkrN016N6AV34p9Xqk+2cvwIi1khuJCTBLDML6IfEyyk\nq3RNcnrRNEXlZXtrPDHiE+FKvqIjzdbNrYcTfXTPjqMRPum8hYJ/QmJacHSI8iDT\nbOy3HdL8uyoXpe8raRT3ZPc3ROfvNnLv9HvP/ksiuh5KRjNH7UVocfLjxKF93w97\nSQKCAQAn0vd7QxB2WTGV5sOaGDy3FBlm1eNaSHFOsncL8+2a2+it5aFydpJ7XcUs\nWTrUWcNzj1eCdUQEv3hdOBE0L8yZBBuKuTd/ss+DedINtmMsgpub7J1ssuGvOL/y\nBDLXgMWSlxM+tY4y12xIkzEW2DpbCZIvzrIEk3pfLH9TVGbcxxaOgVWzT1og4OLx\nU2lbYNuh54snV7V7kbGZc4Txz81D1iJAdIUZWy1E+RVW8duiMNoaazydnftGnQrN\nD3gDn8Z/tSAleD5gKmzgJjnEiwsrRC/UzUCFL/tVkw64CKh2GpBp1J5dOabw4PMj\nnrXA4PtamKsqm767uVj4Qj5BQgjZ\n-----END PRIVATE KEY-----\n",
            "public_key_fingerprint_md5": "76:7d:fd:0f:11:c5:2a:0c:8e:7f:85:d3:01:d9:9e:ce",
            "public_key_fingerprint_sha256": "SHA256:7cYDkChcGvwM2HH+klhwNRFX8lDP8I2ItIfgxz6wnqs",
            "public_key_openssh": "ssh-rsa AAAAB3NzaC1yc2EAAAADAQABAAACAQDHuGjA+EA7yYiCN4vFaXZmOUUgk81OANikQsV+Oqx3HtQFnWkcYSZw77k1hdE/J5lBC0TwTxl0Wssij/TZSACJMUZ3uJg/aUZHqRFj3jCEC161IVbsGIq6zBUyU3VYqPKoRwN8IM1yf04zi3hmMHDNMqEfUSIYsPaxSzGlls+n5sh0ucv4QRQMrKmKoKxO0OdZu1dBf+Ku3qGX3kcoNQS30z8DDIrdrhTlDrYhUXp9Ybm9cpsWX/XI22gsNzZDTSC5ohy0yMcwZkELGmu9A2U7lfoo4LlU5AQaDEmpokxjRvEkgXrOf2Ye4OrUEMkj+kRi8bamevg2/kdgn2st+9eNma6BqIQi2832C+/QdwtUbpBFQENVuLYAFMmNppR9p3dwc6MKtG7r9kxMbULil4jT10IWVV9QKN6ul7hOFzOKh7oQIuPLNPcrQP9uip01+UsJYh/9CJrUcy75c52K1mUeS/lJZzOhF0UY0WsExv9PVkmMwrcwr3MiiErWmUV7gecvfph9LD+eEB52XnwZhyDPTDk90lBcoCL78CO7YAb2xoTI5msSBq2WC/py3IrnKA0g0vrqhs/P/xyWdsAzuP6ci0Ytg/D1ZF3FVh0ATYFZEhWeOeWkLPlMklUr/qEIJRhikxSjlUp90vjxFTexSuSO/itmXNgpyDbn8IQn2Af8qw==\n",
            "public_key_pem": "-----BEGIN PUBLIC KEY-----\nMIICIjANBgkqhkiG9w0BAQEFAAOCAg8AMIICCgKCAgEAx7howPhAO8mIgjeLxWl2\nZjlFIJPNTgDYpELFfjqsdx7UBZ1pHGEmcO+5NYXRPyeZQQtE8E8ZdFrLIo/02UgA\niTFGd7iYP2lGR6kRY94whAtetSFW7BiKuswVMlN1WKjyqEcDfCDNcn9OM4t4ZjBw\nzTKhH1EiGLD2sUsxpZbPp+bIdLnL+EEUDKypiqCsTtDnWbtXQX/irt6hl95HKDUE\nt9M/AwyK3a4U5Q62IVF6fWG5vXKbFl/1yNtoLDc2Q00guaIctMjHMGZBCxprvQNl\nO5X6KOC5VOQEGgxJqaJMY0bxJIF6zn9mHuDq1BDJI/pEYvG2pnr4Nv5HYJ9rLfvX\njZmugaiEItvN9gvv0HcLVG6QRUBDVbi2ABTJjaaUfad3cHOjCrRu6/ZMTG1C4peI\n09dCFlVfUCjerpe4Thczioe6ECLjyzT3K0D/boqdNflLCWIf/Qia1HMu+XOditZl\nHkv5SWczoRdFGNFrBMb/T1ZJjMK3MK9zIohK1plFe4HnL36YfSw/nhAedl58GYcg\nz0w5PdJQXKAi+/Aju2AG9saEyOZrEgatlgv6ctyK5ygNINL66obPz/8clnbAM7j+\nnItGLYPw9WRdxVYdAE2BWRIVnjnlpCz5TJJVK/6hCCUYYpMUo5VKfdL48RU3sUrk\njv4rZlzYKcg25/CEJ9gH/KsCAwEAAQ==\n-----END PUBLIC KEY-----\n",
            "rsa_bits": 4096
          },
          "sensitive_attributes": [
            [
              {
                "type": "get_attr",
                "value": "private_key_openssh"
              }
            ],
            [
              {
                "type": "get_attr",
                "value": "private_key_pem"
              }
            ],
            [
              {
                "type": "get_attr",
                "value": "private_key_pem_pkcs8"
              }
            ]
          ],
          "identity_schema_version": 0,
          "create_before_destroy": true
        }
      ]
    }
  ],
  "check_results": null
}
