{
  "version": 4,
  "terraform_version": "1.12.1",
  "serial": 182,
  "lineage": "7371fcb8-d5cb-700f-2eaf-fceacfccb4fa",
  "outputs": {
    "bastion_public_ip": {
      "value": "54.196.110.95",
      "type": "string"
    },
    "private_instance_private_ip": {
      "value": "10.0.2.88",
      "type": "string"
    }
  },
  "resources": [
    {
      "module": "module.ec2",
      "mode": "managed",
      "type": "aws_instance",
      "name": "bastion",
      "provider": "provider[\"registry.terraform.io/hashicorp/aws\"]",
      "instances": [
        {
          "schema_version": 1,
          "attributes": {
            "ami": "ami-020cba7c55df1f615",
            "arn": "arn:aws:ec2:us-east-1:056562103155:instance/i-0052f5cf4bdf6c5d2",
            "associate_public_ip_address": true,
            "availability_zone": "us-east-1a",
            "capacity_reservation_specification": [
              {
                "capacity_reservation_preference": "open",
                "capacity_reservation_target": []
              }
            ],
            "cpu_core_count": 1,
            "cpu_options": [
              {
                "amd_sev_snp": "",
                "core_count": 1,
                "threads_per_core": 1
              }
            ],
            "cpu_threads_per_core": 1,
            "credit_specification": [
              {
                "cpu_credits": "standard"
              }
            ],
            "disable_api_stop": false,
            "disable_api_termination": false,
            "ebs_block_device": [],
            "ebs_optimized": false,
            "enable_primary_ipv6": null,
            "enclave_options": [
              {
                "enabled": false
              }
            ],
            "ephemeral_block_device": [],
            "get_password_data": false,
            "hibernation": false,
            "host_id": "",
            "host_resource_group_arn": null,
            "iam_instance_profile": "",
            "id": "i-0052f5cf4bdf6c5d2",
            "instance_initiated_shutdown_behavior": "stop",
            "instance_lifecycle": "",
            "instance_market_options": [],
            "instance_state": "running",
            "instance_type": "t2.micro",
            "ipv6_address_count": 0,
            "ipv6_addresses": [],
            "key_name": "my-key",
            "launch_template": [],
            "maintenance_options": [
              {
                "auto_recovery": "default"
              }
            ],
            "metadata_options": [
              {
                "http_endpoint": "enabled",
                "http_protocol_ipv6": "disabled",
                "http_put_response_hop_limit": 2,
                "http_tokens": "required",
                "instance_metadata_tags": "disabled"
              }
            ],
            "monitoring": false,
            "network_interface": [],
            "outpost_arn": "",
            "password_data": "",
            "placement_group": "",
            "placement_partition_number": 0,
            "primary_network_interface_id": "eni-0c0ac413f50b59e3f",
            "private_dns": "ip-10-0-1-239.ec2.internal",
            "private_dns_name_options": [
              {
                "enable_resource_name_dns_a_record": false,
                "enable_resource_name_dns_aaaa_record": false,
                "hostname_type": "ip-name"
              }
            ],
            "private_ip": "10.0.1.239",
            "public_dns": "",
            "public_ip": "54.196.110.95",
            "root_block_device": [
              {
                "delete_on_termination": true,
                "device_name": "/dev/sda1",
                "encrypted": false,
                "iops": 3000,
                "kms_key_id": "",
                "tags": {},
                "tags_all": {},
                "throughput": 125,
                "volume_id": "vol-010ec7ddc2c8a9770",
                "volume_size": 8,
                "volume_type": "gp3"
              }
            ],
            "secondary_private_ips": [],
            "security_groups": [],
            "source_dest_check": true,
            "spot_instance_request_id": "",
            "subnet_id": "subnet-0c47193880b63f947",
            "tags": {
              "Name": "bastion-host"
            },
            "tags_all": {
              "Name": "bastion-host"
            },
            "tenancy": "default",
            "timeouts": null,
            "user_data": null,
            "user_data_base64": null,
            "user_data_replace_on_change": false,
            "volume_tags": null,
            "vpc_security_group_ids": [
              "sg-09fa104cb8ce75db6"
            ]
          },
          "sensitive_attributes": [],
          "identity_schema_version": 0,
          "private": "eyJlMmJmYjczMC1lY2FhLTExZTYtOGY4OC0zNDM2M2JjN2M0YzAiOnsiY3JlYXRlIjo2MDAwMDAwMDAwMDAsImRlbGV0ZSI6MTIwMDAwMDAwMDAwMCwicmVhZCI6OTAwMDAwMDAwMDAwLCJ1cGRhdGUiOjYwMDAwMDAwMDAwMH0sInNjaGVtYV92ZXJzaW9uIjoiMSJ9",
          "dependencies": [
            "module.networking.aws_security_group.bastion_sg",
            "module.networking.aws_subnet.public",
            "module.networking.aws_vpc.main",
            "module.ssh_key.aws_key_pair.generated",
            "module.ssh_key.tls_private_key.ssh"
          ]
        }
      ]
    },
    {
      "module": "module.ec2",
      "mode": "managed",
      "type": "aws_instance",
      "name": "private_nginx",
      "provider": "provider[\"registry.terraform.io/hashicorp/aws\"]",
      "instances": [
        {
          "schema_version": 1,
          "attributes": {
            "ami": "ami-020cba7c55df1f615",
            "arn": "arn:aws:ec2:us-east-1:056562103155:instance/i-05966ac447c4c8fdc",
            "associate_public_ip_address": false,
            "availability_zone": "us-east-1a",
            "capacity_reservation_specification": [
              {
                "capacity_reservation_preference": "open",
                "capacity_reservation_target": []
              }
            ],
            "cpu_core_count": 1,
            "cpu_options": [
              {
                "amd_sev_snp": "",
                "core_count": 1,
                "threads_per_core": 1
              }
            ],
            "cpu_threads_per_core": 1,
            "credit_specification": [
              {
                "cpu_credits": "standard"
              }
            ],
            "disable_api_stop": false,
            "disable_api_termination": false,
            "ebs_block_device": [],
            "ebs_optimized": false,
            "enable_primary_ipv6": null,
            "enclave_options": [
              {
                "enabled": false
              }
            ],
            "ephemeral_block_device": [],
            "get_password_data": false,
            "hibernation": false,
            "host_id": "",
            "host_resource_group_arn": null,
            "iam_instance_profile": "",
            "id": "i-05966ac447c4c8fdc",
            "instance_initiated_shutdown_behavior": "stop",
            "instance_lifecycle": "",
            "instance_market_options": [],
            "instance_state": "running",
            "instance_type": "t2.micro",
            "ipv6_address_count": 0,
            "ipv6_addresses": [],
            "key_name": "my-key",
            "launch_template": [],
            "maintenance_options": [
              {
                "auto_recovery": "default"
              }
            ],
            "metadata_options": [
              {
                "http_endpoint": "enabled",
                "http_protocol_ipv6": "disabled",
                "http_put_response_hop_limit": 2,
                "http_tokens": "required",
                "instance_metadata_tags": "disabled"
              }
            ],
            "monitoring": false,
            "network_interface": [],
            "outpost_arn": "",
            "password_data": "",
            "placement_group": "",
            "placement_partition_number": 0,
            "primary_network_interface_id": "eni-09a27585a9dd4f2c5",
            "private_dns": "ip-10-0-2-88.ec2.internal",
            "private_dns_name_options": [
              {
                "enable_resource_name_dns_a_record": false,
                "enable_resource_name_dns_aaaa_record": false,
                "hostname_type": "ip-name"
              }
            ],
            "private_ip": "10.0.2.88",
            "public_dns": "",
            "public_ip": "",
            "root_block_device": [
              {
                "delete_on_termination": true,
                "device_name": "/dev/sda1",
                "encrypted": false,
                "iops": 3000,
                "kms_key_id": "",
                "tags": {},
                "tags_all": {},
                "throughput": 125,
                "volume_id": "vol-0e433cb04e0cbd679",
                "volume_size": 8,
                "volume_type": "gp3"
              }
            ],
            "secondary_private_ips": [],
            "security_groups": [],
            "source_dest_check": true,
            "spot_instance_request_id": "",
            "subnet_id": "subnet-00398268c6da92a2f",
            "tags": {
              "Name": "nginx-private"
            },
            "tags_all": {
              "Name": "nginx-private"
            },
            "tenancy": "default",
            "timeouts": null,
            "user_data": null,
            "user_data_base64": null,
            "user_data_replace_on_change": false,
            "volume_tags": null,
            "vpc_security_group_ids": [
              "sg-054746f0c0d180d35"
            ]
          },
          "sensitive_attributes": [],
          "identity_schema_version": 0,
          "private": "eyJlMmJmYjczMC1lY2FhLTExZTYtOGY4OC0zNDM2M2JjN2M0YzAiOnsiY3JlYXRlIjo2MDAwMDAwMDAwMDAsImRlbGV0ZSI6MTIwMDAwMDAwMDAwMCwicmVhZCI6OTAwMDAwMDAwMDAwLCJ1cGRhdGUiOjYwMDAwMDAwMDAwMH0sInNjaGVtYV92ZXJzaW9uIjoiMSJ9",
          "dependencies": [
            "module.ec2.aws_instance.bastion",
            "module.networking.aws_security_group.bastion_sg",
            "module.networking.aws_security_group.private_sg",
            "module.networking.aws_subnet.private",
            "module.networking.aws_subnet.public",
            "module.networking.aws_vpc.main",
            "module.ssh_key.aws_key_pair.generated",
            "module.ssh_key.tls_private_key.ssh"
          ]
        }
      ]
    },
    {
      "module": "module.networking",
      "mode": "managed",
      "type": "aws_eip",
      "name": "nat",
      "provider": "provider[\"registry.terraform.io/hashicorp/aws\"]",
      "instances": [
        {
          "schema_version": 0,
          "attributes": {
            "address": null,
            "allocation_id": "eipalloc-00adb2f45e47facfb",
            "arn": "arn:aws:ec2:us-east-1:056562103155:elastic-ip/eipalloc-00adb2f45e47facfb",
            "associate_with_private_ip": null,
            "association_id": "",
            "carrier_ip": "",
            "customer_owned_ip": "",
            "customer_owned_ipv4_pool": "",
            "domain": "vpc",
            "id": "eipalloc-00adb2f45e47facfb",
            "instance": "",
            "ipam_pool_id": null,
            "network_border_group": "us-east-1",
            "network_interface": "",
            "private_dns": null,
            "private_ip": "",
            "ptr_record": "",
            "public_dns": "ec2-52-23-118-71.compute-1.amazonaws.com",
            "public_ip": "52.23.118.71",
            "public_ipv4_pool": "amazon",
            "tags": null,
            "tags_all": {},
            "timeouts": null,
            "vpc": true
          },
          "sensitive_attributes": [],
          "identity_schema_version": 0,
          "private": "eyJlMmJmYjczMC1lY2FhLTExZTYtOGY4OC0zNDM2M2JjN2M0YzAiOnsiZGVsZXRlIjoxODAwMDAwMDAwMDAsInJlYWQiOjkwMDAwMDAwMDAwMCwidXBkYXRlIjozMDAwMDAwMDAwMDB9fQ=="
        }
      ]
    },
    {
      "module": "module.networking",
      "mode": "managed",
      "type": "aws_internet_gateway",
      "name": "igw",
      "provider": "provider[\"registry.terraform.io/hashicorp/aws\"]",
      "instances": [
        {
          "schema_version": 0,
          "attributes": {
            "arn": "arn:aws:ec2:us-east-1:056562103155:internet-gateway/igw-043271327b164e05a",
            "id": "igw-043271327b164e05a",
            "owner_id": "056562103155",
            "tags": null,
            "tags_all": {},
            "timeouts": null,
            "vpc_id": "vpc-0660919b00fe9f237"
          },
          "sensitive_attributes": [],
          "identity_schema_version": 0,
          "private": "eyJlMmJmYjczMC1lY2FhLTExZTYtOGY4OC0zNDM2M2JjN2M0YzAiOnsiY3JlYXRlIjoxMjAwMDAwMDAwMDAwLCJkZWxldGUiOjEyMDAwMDAwMDAwMDAsInVwZGF0ZSI6MTIwMDAwMDAwMDAwMH19",
          "dependencies": [
            "module.networking.aws_vpc.main"
          ]
        }
      ]
    },
    {
      "module": "module.networking",
      "mode": "managed",
      "type": "aws_nat_gateway",
      "name": "nat",
      "provider": "provider[\"registry.terraform.io/hashicorp/aws\"]",
      "instances": [
        {
          "schema_version": 0,
          "attributes": {
            "allocation_id": "eipalloc-00adb2f45e47facfb",
            "association_id": "eipassoc-07e8b92f2f92ed5a6",
            "connectivity_type": "public",
            "id": "nat-0ed4c72ab76ec0927",
            "network_interface_id": "eni-0fad32efe17ea32a3",
            "private_ip": "10.0.1.159",
            "public_ip": "52.23.118.71",
            "secondary_allocation_ids": null,
            "secondary_private_ip_address_count": 0,
            "secondary_private_ip_addresses": [],
            "subnet_id": "subnet-0c47193880b63f947",
            "tags": {
              "Name": "nat-gateway"
            },
            "tags_all": {
              "Name": "nat-gateway"
            },
            "timeouts": null
          },
          "sensitive_attributes": [],
          "identity_schema_version": 0,
          "private": "eyJlMmJmYjczMC1lY2FhLTExZTYtOGY4OC0zNDM2M2JjN2M0YzAiOnsiY3JlYXRlIjo2MDAwMDAwMDAwMDAsImRlbGV0ZSI6MTgwMDAwMDAwMDAwMCwidXBkYXRlIjo2MDAwMDAwMDAwMDB9fQ==",
          "dependencies": [
            "module.networking.aws_eip.nat",
            "module.networking.aws_internet_gateway.igw",
            "module.networking.aws_subnet.public",
            "module.networking.aws_vpc.main"
          ]
        }
      ]
    },
    {
      "module": "module.networking",
      "mode": "managed",
      "type": "aws_route_table",
      "name": "private",
      "provider": "provider[\"registry.terraform.io/hashicorp/aws\"]",
      "instances": [
        {
          "schema_version": 0,
          "attributes": {
            "arn": "arn:aws:ec2:us-east-1:056562103155:route-table/rtb-00edc44209feb7845",
            "id": "rtb-00edc44209feb7845",
            "owner_id": "056562103155",
            "propagating_vgws": [],
            "route": [
              {
                "carrier_gateway_id": "",
                "cidr_block": "0.0.0.0/0",
                "core_network_arn": "",
                "destination_prefix_list_id": "",
                "egress_only_gateway_id": "",
                "gateway_id": "",
                "ipv6_cidr_block": "",
                "local_gateway_id": "",
                "nat_gateway_id": "nat-0ed4c72ab76ec0927",
                "network_interface_id": "",
                "transit_gateway_id": "",
                "vpc_endpoint_id": "",
                "vpc_peering_connection_id": ""
              }
            ],
            "tags": null,
            "tags_all": {},
            "timeouts": null,
            "vpc_id": "vpc-0660919b00fe9f237"
          },
          "sensitive_attributes": [],
          "identity_schema_version": 0,
          "private": "eyJlMmJmYjczMC1lY2FhLTExZTYtOGY4OC0zNDM2M2JjN2M0YzAiOnsiY3JlYXRlIjozMDAwMDAwMDAwMDAsImRlbGV0ZSI6MzAwMDAwMDAwMDAwLCJ1cGRhdGUiOjEyMDAwMDAwMDAwMH19",
          "dependencies": [
            "module.networking.aws_eip.nat",
            "module.networking.aws_internet_gateway.igw",
            "module.networking.aws_nat_gateway.nat",
            "module.networking.aws_subnet.public",
            "module.networking.aws_vpc.main"
          ]
        }
      ]
    },
    {
      "module": "module.networking",
      "mode": "managed",
      "type": "aws_route_table",
      "name": "public",
      "provider": "provider[\"registry.terraform.io/hashicorp/aws\"]",
      "instances": [
        {
          "schema_version": 0,
          "attributes": {
            "arn": "arn:aws:ec2:us-east-1:056562103155:route-table/rtb-094b9b7dc6b52d2aa",
            "id": "rtb-094b9b7dc6b52d2aa",
            "owner_id": "056562103155",
            "propagating_vgws": [],
            "route": [
              {
                "carrier_gateway_id": "",
                "cidr_block": "0.0.0.0/0",
                "core_network_arn": "",
                "destination_prefix_list_id": "",
                "egress_only_gateway_id": "",
                "gateway_id": "igw-043271327b164e05a",
                "ipv6_cidr_block": "",
                "local_gateway_id": "",
                "nat_gateway_id": "",
                "network_interface_id": "",
                "transit_gateway_id": "",
                "vpc_endpoint_id": "",
                "vpc_peering_connection_id": ""
              }
            ],
            "tags": null,
            "tags_all": {},
            "timeouts": null,
            "vpc_id": "vpc-0660919b00fe9f237"
          },
          "sensitive_attributes": [],
          "identity_schema_version": 0,
          "private": "eyJlMmJmYjczMC1lY2FhLTExZTYtOGY4OC0zNDM2M2JjN2M0YzAiOnsiY3JlYXRlIjozMDAwMDAwMDAwMDAsImRlbGV0ZSI6MzAwMDAwMDAwMDAwLCJ1cGRhdGUiOjEyMDAwMDAwMDAwMH19",
          "dependencies": [
            "module.networking.aws_internet_gateway.igw",
            "module.networking.aws_vpc.main"
          ]
        }
      ]
    },
    {
      "module": "module.networking",
      "mode": "managed",
      "type": "aws_route_table_association",
      "name": "private_assoc",
      "provider": "provider[\"registry.terraform.io/hashicorp/aws\"]",
      "instances": [
        {
          "schema_version": 0,
          "attributes": {
            "gateway_id": "",
            "id": "rtbassoc-0052fe39926764a8a",
            "route_table_id": "rtb-00edc44209feb7845",
            "subnet_id": "subnet-00398268c6da92a2f",
            "timeouts": null
          },
          "sensitive_attributes": [],
          "identity_schema_version": 0,
          "private": "eyJlMmJmYjczMC1lY2FhLTExZTYtOGY4OC0zNDM2M2JjN2M0YzAiOnsiY3JlYXRlIjozMDAwMDAwMDAwMDAsImRlbGV0ZSI6MzAwMDAwMDAwMDAwLCJ1cGRhdGUiOjEyMDAwMDAwMDAwMH19",
          "dependencies": [
            "module.networking.aws_eip.nat",
            "module.networking.aws_internet_gateway.igw",
            "module.networking.aws_nat_gateway.nat",
            "module.networking.aws_route_table.private",
            "module.networking.aws_subnet.private",
            "module.networking.aws_subnet.public",
            "module.networking.aws_vpc.main"
          ]
        }
      ]
    },
    {
      "module": "module.networking",
      "mode": "managed",
      "type": "aws_route_table_association",
      "name": "public_assoc",
      "provider": "provider[\"registry.terraform.io/hashicorp/aws\"]",
      "instances": [
        {
          "schema_version": 0,
          "attributes": {
            "gateway_id": "",
            "id": "rtbassoc-07ed4e5c44ad9780d",
            "route_table_id": "rtb-094b9b7dc6b52d2aa",
            "subnet_id": "subnet-0c47193880b63f947",
            "timeouts": null
          },
          "sensitive_attributes": [],
          "identity_schema_version": 0,
          "private": "eyJlMmJmYjczMC1lY2FhLTExZTYtOGY4OC0zNDM2M2JjN2M0YzAiOnsiY3JlYXRlIjozMDAwMDAwMDAwMDAsImRlbGV0ZSI6MzAwMDAwMDAwMDAwLCJ1cGRhdGUiOjEyMDAwMDAwMDAwMH19",
          "dependencies": [
            "module.networking.aws_internet_gateway.igw",
            "module.networking.aws_route_table.public",
            "module.networking.aws_subnet.public",
            "module.networking.aws_vpc.main"
          ]
        }
      ]
    },
    {
      "module": "module.networking",
      "mode": "managed",
      "type": "aws_security_group",
      "name": "bastion_sg",
      "provider": "provider[\"registry.terraform.io/hashicorp/aws\"]",
      "instances": [
        {
          "schema_version": 1,
          "attributes": {
            "arn": "arn:aws:ec2:us-east-1:056562103155:security-group/sg-09fa104cb8ce75db6",
            "description": "Allow SSH",
            "egress": [
              {
                "cidr_blocks": [
                  "0.0.0.0/0"
                ],
                "description": "",
                "from_port": 0,
                "ipv6_cidr_blocks": [],
                "prefix_list_ids": [],
                "protocol": "-1",
                "security_groups": [],
                "self": false,
                "to_port": 0
              }
            ],
            "id": "sg-09fa104cb8ce75db6",
            "ingress": [
              {
                "cidr_blocks": [
                  "0.0.0.0/0"
                ],
                "description": "",
                "from_port": 22,
                "ipv6_cidr_blocks": [],
                "prefix_list_ids": [],
                "protocol": "tcp",
                "security_groups": [],
                "self": false,
                "to_port": 22
              }
            ],
            "name": "bastion-sg",
            "name_prefix": "",
            "owner_id": "056562103155",
            "revoke_rules_on_delete": false,
            "tags": null,
            "tags_all": {},
            "timeouts": null,
            "vpc_id": "vpc-0660919b00fe9f237"
          },
          "sensitive_attributes": [],
          "identity_schema_version": 0,
          "private": "eyJlMmJmYjczMC1lY2FhLTExZTYtOGY4OC0zNDM2M2JjN2M0YzAiOnsiY3JlYXRlIjo2MDAwMDAwMDAwMDAsImRlbGV0ZSI6OTAwMDAwMDAwMDAwfSwic2NoZW1hX3ZlcnNpb24iOiIxIn0=",
          "dependencies": [
            "module.networking.aws_vpc.main"
          ]
        }
      ]
    },
    {
      "module": "module.networking",
      "mode": "managed",
      "type": "aws_security_group",
      "name": "private_sg",
      "provider": "provider[\"registry.terraform.io/hashicorp/aws\"]",
      "instances": [
        {
          "schema_version": 1,
          "attributes": {
            "arn": "arn:aws:ec2:us-east-1:056562103155:security-group/sg-054746f0c0d180d35",
            "description": "Allow HTTP from bastion",
            "egress": [
              {
                "cidr_blocks": [
                  "0.0.0.0/0"
                ],
                "description": "",
                "from_port": 0,
                "ipv6_cidr_blocks": [],
                "prefix_list_ids": [],
                "protocol": "-1",
                "security_groups": [],
                "self": false,
                "to_port": 0
              }
            ],
            "id": "sg-054746f0c0d180d35",
            "ingress": [
              {
                "cidr_blocks": [],
                "description": "",
                "from_port": 80,
                "ipv6_cidr_blocks": [],
                "prefix_list_ids": [],
                "protocol": "tcp",
                "security_groups": [
                  "sg-09fa104cb8ce75db6"
                ],
                "self": false,
                "to_port": 80
              },
              {
                "cidr_blocks": [],
                "description": "Allow SSH from Bastion",
                "from_port": 22,
                "ipv6_cidr_blocks": [],
                "prefix_list_ids": [],
                "protocol": "tcp",
                "security_groups": [
                  "sg-09fa104cb8ce75db6"
                ],
                "self": false,
                "to_port": 22
              }
            ],
            "name": "private-sg",
            "name_prefix": "",
            "owner_id": "056562103155",
            "revoke_rules_on_delete": false,
            "tags": null,
            "tags_all": {},
            "timeouts": null,
            "vpc_id": "vpc-0660919b00fe9f237"
          },
          "sensitive_attributes": [],
          "identity_schema_version": 0,
          "private": "eyJlMmJmYjczMC1lY2FhLTExZTYtOGY4OC0zNDM2M2JjN2M0YzAiOnsiY3JlYXRlIjo2MDAwMDAwMDAwMDAsImRlbGV0ZSI6OTAwMDAwMDAwMDAwfSwic2NoZW1hX3ZlcnNpb24iOiIxIn0=",
          "dependencies": [
            "module.networking.aws_security_group.bastion_sg",
            "module.networking.aws_vpc.main"
          ]
        }
      ]
    },
    {
      "module": "module.networking",
      "mode": "managed",
      "type": "aws_subnet",
      "name": "private",
      "provider": "provider[\"registry.terraform.io/hashicorp/aws\"]",
      "instances": [
        {
          "schema_version": 1,
          "attributes": {
            "arn": "arn:aws:ec2:us-east-1:056562103155:subnet/subnet-00398268c6da92a2f",
            "assign_ipv6_address_on_creation": false,
            "availability_zone": "us-east-1a",
            "availability_zone_id": "use1-az6",
            "cidr_block": "10.0.2.0/24",
            "customer_owned_ipv4_pool": "",
            "enable_dns64": false,
            "enable_lni_at_device_index": 0,
            "enable_resource_name_dns_a_record_on_launch": false,
            "enable_resource_name_dns_aaaa_record_on_launch": false,
            "id": "subnet-00398268c6da92a2f",
            "ipv6_cidr_block": "",
            "ipv6_cidr_block_association_id": "",
            "ipv6_native": false,
            "map_customer_owned_ip_on_launch": false,
            "map_public_ip_on_launch": false,
            "outpost_arn": "",
            "owner_id": "056562103155",
            "private_dns_hostname_type_on_launch": "ip-name",
            "tags": {
              "Name": "private-subnet"
            },
            "tags_all": {
              "Name": "private-subnet"
            },
            "timeouts": null,
            "vpc_id": "vpc-0660919b00fe9f237"
          },
          "sensitive_attributes": [],
          "identity_schema_version": 0,
          "private": "eyJlMmJmYjczMC1lY2FhLTExZTYtOGY4OC0zNDM2M2JjN2M0YzAiOnsiY3JlYXRlIjo2MDAwMDAwMDAwMDAsImRlbGV0ZSI6MTIwMDAwMDAwMDAwMH0sInNjaGVtYV92ZXJzaW9uIjoiMSJ9",
          "dependencies": [
            "module.networking.aws_vpc.main"
          ]
        }
      ]
    },
    {
      "module": "module.networking",
      "mode": "managed",
      "type": "aws_subnet",
      "name": "public",
      "provider": "provider[\"registry.terraform.io/hashicorp/aws\"]",
      "instances": [
        {
          "schema_version": 1,
          "attributes": {
            "arn": "arn:aws:ec2:us-east-1:056562103155:subnet/subnet-0c47193880b63f947",
            "assign_ipv6_address_on_creation": false,
            "availability_zone": "us-east-1a",
            "availability_zone_id": "use1-az6",
            "cidr_block": "10.0.1.0/24",
            "customer_owned_ipv4_pool": "",
            "enable_dns64": false,
            "enable_lni_at_device_index": 0,
            "enable_resource_name_dns_a_record_on_launch": false,
            "enable_resource_name_dns_aaaa_record_on_launch": false,
            "id": "subnet-0c47193880b63f947",
            "ipv6_cidr_block": "",
            "ipv6_cidr_block_association_id": "",
            "ipv6_native": false,
            "map_customer_owned_ip_on_launch": false,
            "map_public_ip_on_launch": true,
            "outpost_arn": "",
            "owner_id": "056562103155",
            "private_dns_hostname_type_on_launch": "ip-name",
            "tags": {
              "Name": "public-subnet"
            },
            "tags_all": {
              "Name": "public-subnet"
            },
            "timeouts": null,
            "vpc_id": "vpc-0660919b00fe9f237"
          },
          "sensitive_attributes": [],
          "identity_schema_version": 0,
          "private": "eyJlMmJmYjczMC1lY2FhLTExZTYtOGY4OC0zNDM2M2JjN2M0YzAiOnsiY3JlYXRlIjo2MDAwMDAwMDAwMDAsImRlbGV0ZSI6MTIwMDAwMDAwMDAwMH0sInNjaGVtYV92ZXJzaW9uIjoiMSJ9",
          "dependencies": [
            "module.networking.aws_vpc.main"
          ]
        }
      ]
    },
    {
      "module": "module.networking",
      "mode": "managed",
      "type": "aws_vpc",
      "name": "main",
      "provider": "provider[\"registry.terraform.io/hashicorp/aws\"]",
      "instances": [
        {
          "schema_version": 1,
          "attributes": {
            "arn": "arn:aws:ec2:us-east-1:056562103155:vpc/vpc-0660919b00fe9f237",
            "assign_generated_ipv6_cidr_block": false,
            "cidr_block": "10.0.0.0/16",
            "default_network_acl_id": "acl-0429e255ef1493e43",
            "default_route_table_id": "rtb-07c27aa315c303259",
            "default_security_group_id": "sg-03f0df6e4cf152350",
            "dhcp_options_id": "dopt-02e6f3eefb01baf5e",
            "enable_dns_hostnames": false,
            "enable_dns_support": true,
            "enable_network_address_usage_metrics": false,
            "id": "vpc-0660919b00fe9f237",
            "instance_tenancy": "default",
            "ipv4_ipam_pool_id": null,
            "ipv4_netmask_length": null,
            "ipv6_association_id": "",
            "ipv6_cidr_block": "",
            "ipv6_cidr_block_network_border_group": "",
            "ipv6_ipam_pool_id": "",
            "ipv6_netmask_length": 0,
            "main_route_table_id": "rtb-07c27aa315c303259",
            "owner_id": "056562103155",
            "tags": {
              "Name": "custom-vpc"
            },
            "tags_all": {
              "Name": "custom-vpc"
            }
          },
          "sensitive_attributes": [],
          "identity_schema_version": 0,
          "private": "eyJzY2hlbWFfdmVyc2lvbiI6IjEifQ=="
        }
      ]
    },
    {
      "module": "module.ssh_key",
      "mode": "managed",
      "type": "aws_key_pair",
      "name": "generated",
      "provider": "provider[\"registry.terraform.io/hashicorp/aws\"]",
      "instances": [
        {
          "schema_version": 1,
          "attributes": {
            "arn": "arn:aws:ec2:us-east-1:056562103155:key-pair/my-key",
            "fingerprint": "cd:36:24:05:93:1d:2e:d9:d1:2a:ba:ed:e9:29:10:01",
            "id": "my-key",
            "key_name": "my-key",
            "key_name_prefix": "",
            "key_pair_id": "key-0fa2ae936da31bbf3",
            "key_type": "rsa",
            "public_key": "ssh-rsa AAAAB3NzaC1yc2EAAAADAQABAAACAQDjH1WehdIGKvX1vYNpOahhw+ODPTHMXEwRjdgGaXupcJ4T2kTpsdXCwwruVZ8WhbkbeH2Bq9EhhLQEigqyAWVNS2Xr1CIoiCTbrB2vj7NiBlHZCun/DdBBYKToyQrcHG0/8cw8ijl9egSr7PEfwoKoj0C/IJwQILkBqISeUB8CftigiQpWj2zFcZ005vD/wvQNKYKzyesYQlKZAgGHplgZhlOx7SyBv0zOXn2dm5PQ9yyGDHE5JYCnJ7exYg1WIL+e3S6KhK8gdUhRw3xbcQVI+1gej9+HPbt/iQtuopBEiDer24NO2ivm/UwD4QCzuNXRRM7DHVIK3EMpjhpgGB6YTNV4nDEb2br7KIGlx/KkwTUR04XtjEzztesIpLZHwBEZK3fqourz16h4WVFa56X6hm+Y96Br1mIcynDY0O8gUdQkhm+2a0xkmeb/nVLSg3dJJghUc9hNo5mNWnuKchCqpSPF4dPlrTVVDOvWlxbW7T2WcNMLKTnrJaFeW72CCfShQR4FsyMSwRXZ9j3UDj10heX8kRRLXi8oivlJUYay38joXric+jKAAwZ+6AWmZysy21Ag3LwLUDTR6JypbDSnDqC3xD3BGgzPH7+PjWeLJufu4b6Fa+kCIFIFiQZLes4OzNX+9EOu9ZGm3ivLpyP26luO6LZxpH2EcJRdVJriFw==",
            "tags": null,
            "tags_all": {}
          },
          "sensitive_attributes": [],
          "identity_schema_version": 0,
          "private": "eyJzY2hlbWFfdmVyc2lvbiI6IjEifQ==",
          "dependencies": [
            "module.ssh_key.tls_private_key.ssh"
          ],
          "create_before_destroy": true
        }
      ]
    },
    {
      "module": "module.ssh_key",
      "mode": "managed",
      "type": "local_file",
      "name": "private_key",
      "provider": "provider[\"registry.terraform.io/hashicorp/local\"]",
      "instances": [
        {
          "schema_version": 0,
          "attributes": {
            "content": "-----BEGIN RSA PRIVATE KEY-----\nMIIJJwIBAAKCAgEA4x9VnoXSBir19b2DaTmoYcPjgz0xzFxMEY3YBml7qXCeE9pE\n6bHVwsMK7lWfFoW5G3h9gavRIYS0BIoKsgFlTUtl69QiKIgk26wdr4+zYgZR2Qrp\n/w3QQWCk6MkK3BxtP/HMPIo5fXoEq+zxH8KCqI9AvyCcECC5AaiEnlAfAn7YoIkK\nVo9sxXGdNObw/8L0DSmCs8nrGEJSmQIBh6ZYGYZTse0sgb9Mzl59nZuT0Pcshgxx\nOSWApye3sWINViC/nt0uioSvIHVIUcN8W3EFSPtYHo/fhz27f4kLbqKQRIg3q9uD\nTtor5v1MA+EAs7jV0UTOwx1SCtxDKY4aYBgemEzVeJwxG9m6+yiBpcfypME1EdOF\n7YxM87XrCKS2R8ARGSt36qLq89eoeFlRWuel+oZvmPega9ZiHMpw2NDvIFHUJIZv\ntmtMZJnm/51S0oN3SSYIVHPYTaOZjVp7inIQqqUjxeHT5a01VQzr1pcW1u09lnDT\nCyk56yWhXlu9ggn0oUEeBbMjEsEV2fY91A49dIXl/JEUS14vKIr5SVGGst/I6F64\nnPoygAMGfugFpmcrMttQINy8C1A00eicqWw0pw6gt8Q9wRoMzx+/j41niybn7uG+\nhWvpAiBSBYkGS3rODszV/vRDrvWRpt4ry6cj9upbjui2caR9hHCUXVSa4hcCAwEA\nAQKCAgAhVRPEOECKuNsFwy1E5U+HIEVvboI0oKZl/HVj+i7KFGXmulBbJHHKQRoF\na28gfOSd7vuAazO94b4SXSNVB4ETVx7wqDPmfes8NWYv7KeMxH+rmlSdeCyvA5zV\nhc0rC52kVlC9NnivJ8KwFriL4DM7w2ENtnP2UU8a5V1SkftTFZmmSdEeGLODxfj7\n7sQXd8hIduX14TWNsbdx5DT5mwSao7enHmHl8tTgrpvB5IzM4hGt5KfolU6XJEGV\nw12mB8KyRnoSSIcefN1DFAJYCzNq3Wm2e91Neau0URZqmL9n3L6gNrmZJMoaVDny\nkcmAFtQuf7+BLCLtHBwGk700NXtRDk0TNe5JUikPWdfDA/ofMrKyOLhvit516UI/\nEUAk/nfVE05fv1CyQBE1nT7eJ5Sp9MPM9uBz41zcgw4fMprwRBlmnhiojHwOv0AR\nBmE4X0riRlW1w9DPcXlM6AbzjqEK2EfYvZJHE6NntgD3hSptbPPyeKw3PjN30HVh\nfI3NVMEm5V0I4F5esg0kgBed3zzRgbE6Eg2WhRb1PXbYgTtKQz2HFpfkWKtuWxvy\nvSzkiJ///YB0vS08lbX632HT31knmN4n2cKxU1tm0JUzh+PudtblYAjbP5gzx86V\naXBQGfuDBXItIjZqW+2xHZu86v+HbAnSGggFHKguh/rXgiO7JQKCAQEA76i9PQTH\ndTtCbnp3ynXTY/4yIIzEhTDNXnkZtTRF/FWic3TrxbT1cGggiTzSfk7mxWL14zjB\nOBc//WAS6+p6FqwaxMY8jBKPaTdZoZGaajS0rP68rXUkas92pv1Lk/og5vMV/W5u\nqJJds5f6QcF43yqnQmleMQcr8VclvR99wMxKQK41VccEBkp5Ax9ml33lpBGFQY4H\ng8Mqq5rioy1MrP06wBWKCud/rVei00FTSdkcOfN9EKwp4RZ6d7NHoCLjlm6wo4O6\nkG5d66inOY1ex0qHr+cOPOkm9dtV0sNocxJJsLUcU49HniLX0n5njv/vypxLLK4f\nErn0yTrI2QA/wwKCAQEA8pvEFF9goOzusZ1CaW5FlIISSkBvp6aIpJ6Hddo3Nifr\naOsUUzqlO1FZtm+V3zBKs27HTeBNX395E5BowPHse9oL7QD1wPS2g/yerJrL1idQ\ncK4sDt/1PLDq0wdDmB65J9xUoaoT6iCSkZk8RKxNfC4bbFt0t9tJCwwWPfBtpRc5\n20BPjaFtQU8EYX01jSQM40rEvScdQT2+94wg9AJwgcocxmXZZcSejwPszBwZgw+B\nMWyMyuwwp4jTpAyuiBzhuiqDBSNBVgoS7dAq0SrOjX3kf0jUhPZn/hI9UIO1swB9\nHAaOIN6nt5rkn5nt6WG5/hxotoGixLnvMWvBO/QjHQKCAQAKmAntdZWfkAQKwC0l\nbPnwNJ9govhY7uRVJcNGKE5jriFlOyjk72/eDSxLBL5FSRWYahx2c97OrPBuMd4E\nQbQt5mO0iRLKGlPukbzLkJUj1rqZ3xTWEhSPCCa1kQLTQr5LlzlEn6oSl42+z5wH\nZhcCvm7wV5oLTsbZf0Gyz36OlDlADLNc3FRINuiMg8nULoOFMiUS1cVtRKZROaKF\nFg6KoxMCxLD6dGtHbVVMQ1n8LLW7thC0OPgM9CJrwigLYx9uWexC/iK0GbzbGvRx\nbddfteKzmuIdPS00twJfM7YdSBSr1AWxh+bhjaa+rknDn3qpGSmViwjimgfBEXEp\nboJjAoIBAEC1Wy8z4UoK5/9nunb0eoqJxucXGLDWskt2HRtKAL/pFdj+GoW4dqnD\noPIQASFud/4z5eTXlsuJ7HlTYx1TaYf/OH8WanX0z1mU352aDBQqmEH1srqk8Xwm\nk/uFTHoed7QyCEC2ZGlmFrHO9Uw7yM7+XUIhgpgnXOwdZTFQF26ZK01XceCM1d89\nfCWkh8wFeYqGPsNU03C7T1wnfAKZQ/jaN6KTN9D1CHWMznQCaquSTxsnoMXfCXsl\n+40d9M9JJMvK2vdb1+li9nmHtGPlzwHeOjvY6RYtwr75jnETMDt2PehjtzT9Li7C\nmYgYPmSpNDqayTMkkI14Klw8KWYcT+ECggEAS3IR8KerYroHdJ+u1tE072zyRWGF\nIpyyGvs7dBmrt9f44/+H2dQDK3uZXzUkRubcg0kK35fnbOjMWpNqeiMQ1n82EBmj\nqqybRK37wNsX8psQ/SP53SYsgo6+/j9xSPsNDkcYo9hKqzZV5/MGebyTh/glRM+/\n4WnvwE2Z1Bl8jH3AT/zZjZBGPsNLXjaKTJiAlTO5Se+ouJmByYazj9Ya+BqgXSDB\nRF0kFzMTdh5aoAXsu/BMYJyKCHu4KpD5UBPBWn0a4pO789Ufxp4cfYFeXmUOhG9Y\nFoQ5HStFRQm0XGUJjwl67qIBLUaCqS0Lkpl+lmEGS6Jcil5z+zV1Re8/lw==\n-----END RSA PRIVATE KEY-----\n",
            "content_base64": null,
            "content_base64sha256": "kTgOmKgzWTcGJoCvTFCFIzskBYiSGknrUKiFhxm06dU=",
            "content_base64sha512": "uVZ2ljVZjq0A485Zw/3b7g3i+cGAZo0Pkr0RAOGvhyiAsvVpOQ49ux2oX/JarVoL3iMWFTCgFBZyku1VkXffrg==",
            "content_md5": "95b7bcd5141eb5f7f3c2f60dc83f7ec4",
            "content_sha1": "2e93a58505b159cf36579b7f2d29c64f35185171",
            "content_sha256": "91380e98a8335937062680af4c5085233b240588921a49eb50a8858719b4e9d5",
            "content_sha512": "b956769635598ead00e3ce59c3fddbee0de2f9c180668d0f92bd1100e1af872880b2f569390e3dbb1da85ff25aad5a0bde23161530a014167292ed559177dfae",
            "directory_permission": "0777",
            "file_permission": "0400",
            "filename": "modules/ssh-key/my-key.pem",
            "id": "2e93a58505b159cf36579b7f2d29c64f35185171",
            "sensitive_content": null,
            "source": null
          },
          "sensitive_attributes": [
            [
              {
                "type": "get_attr",
                "value": "content"
              }
            ],
            [
              {
                "type": "get_attr",
                "value": "sensitive_content"
              }
            ]
          ],
          "identity_schema_version": 0,
          "dependencies": [
            "module.ssh_key.tls_private_key.ssh"
          ]
        }
      ]
    },
    {
      "module": "module.ssh_key",
      "mode": "managed",
      "type": "tls_private_key",
      "name": "ssh",
      "provider": "provider[\"registry.terraform.io/hashicorp/tls\"]",
      "instances": [
        {
          "schema_version": 1,
          "attributes": {
            "algorithm": "RSA",
            "ecdsa_curve": "P224",
            "id": "e2dbfb4bf578556bb19fda53a9d0df964050bdda",
            "private_key_openssh": "-----BEGIN OPENSSH PRIVATE KEY-----\nb3BlbnNzaC1rZXktdjEAAAAABG5vbmUAAAAEbm9uZQAAAAAAAAABAAACFwAAAAdz\nc2gtcnNhAAAAAwEAAQAAAgEA4x9VnoXSBir19b2DaTmoYcPjgz0xzFxMEY3YBml7\nqXCeE9pE6bHVwsMK7lWfFoW5G3h9gavRIYS0BIoKsgFlTUtl69QiKIgk26wdr4+z\nYgZR2Qrp/w3QQWCk6MkK3BxtP/HMPIo5fXoEq+zxH8KCqI9AvyCcECC5AaiEnlAf\nAn7YoIkKVo9sxXGdNObw/8L0DSmCs8nrGEJSmQIBh6ZYGYZTse0sgb9Mzl59nZuT\n0PcshgxxOSWApye3sWINViC/nt0uioSvIHVIUcN8W3EFSPtYHo/fhz27f4kLbqKQ\nRIg3q9uDTtor5v1MA+EAs7jV0UTOwx1SCtxDKY4aYBgemEzVeJwxG9m6+yiBpcfy\npME1EdOF7YxM87XrCKS2R8ARGSt36qLq89eoeFlRWuel+oZvmPega9ZiHMpw2NDv\nIFHUJIZvtmtMZJnm/51S0oN3SSYIVHPYTaOZjVp7inIQqqUjxeHT5a01VQzr1pcW\n1u09lnDTCyk56yWhXlu9ggn0oUEeBbMjEsEV2fY91A49dIXl/JEUS14vKIr5SVGG\nst/I6F64nPoygAMGfugFpmcrMttQINy8C1A00eicqWw0pw6gt8Q9wRoMzx+/j41n\niybn7uG+hWvpAiBSBYkGS3rODszV/vRDrvWRpt4ry6cj9upbjui2caR9hHCUXVSa\n4hcAAAc4+vpfwvr6X8IAAAAHc3NoLXJzYQAAAgEA4x9VnoXSBir19b2DaTmoYcPj\ngz0xzFxMEY3YBml7qXCeE9pE6bHVwsMK7lWfFoW5G3h9gavRIYS0BIoKsgFlTUtl\n69QiKIgk26wdr4+zYgZR2Qrp/w3QQWCk6MkK3BxtP/HMPIo5fXoEq+zxH8KCqI9A\nvyCcECC5AaiEnlAfAn7YoIkKVo9sxXGdNObw/8L0DSmCs8nrGEJSmQIBh6ZYGYZT\nse0sgb9Mzl59nZuT0PcshgxxOSWApye3sWINViC/nt0uioSvIHVIUcN8W3EFSPtY\nHo/fhz27f4kLbqKQRIg3q9uDTtor5v1MA+EAs7jV0UTOwx1SCtxDKY4aYBgemEzV\neJwxG9m6+yiBpcfypME1EdOF7YxM87XrCKS2R8ARGSt36qLq89eoeFlRWuel+oZv\nmPega9ZiHMpw2NDvIFHUJIZvtmtMZJnm/51S0oN3SSYIVHPYTaOZjVp7inIQqqUj\nxeHT5a01VQzr1pcW1u09lnDTCyk56yWhXlu9ggn0oUEeBbMjEsEV2fY91A49dIXl\n/JEUS14vKIr5SVGGst/I6F64nPoygAMGfugFpmcrMttQINy8C1A00eicqWw0pw6g\nt8Q9wRoMzx+/j41niybn7uG+hWvpAiBSBYkGS3rODszV/vRDrvWRpt4ry6cj9upb\njui2caR9hHCUXVSa4hcAAAADAQABAAACACFVE8Q4QIq42wXDLUTlT4cgRW9ugjSg\npmX8dWP6LsoUZea6UFskccpBGgVrbyB85J3u+4BrM73hvhJdI1UHgRNXHvCoM+Z9\n6zw1Zi/sp4zEf6uaVJ14LK8DnNWFzSsLnaRWUL02eK8nwrAWuIvgMzvDYQ22c/ZR\nTxrlXVKR+1MVmaZJ0R4Ys4PF+PvuxBd3yEh25fXhNY2xt3HkNPmbBJqjt6ceYeXy\n1OCum8HkjMziEa3kp+iVTpckQZXDXaYHwrJGehJIhx583UMUAlgLM2rdabZ73U15\nq7RRFmqYv2fcvqA2uZkkyhpUOfKRyYAW1C5/v4EsIu0cHAaTvTQ1e1EOTRM17klS\nKQ9Z18MD+h8ysrI4uG+K3nXpQj8RQCT+d9UTTl+/ULJAETWdPt4nlKn0w8z24HPj\nXNyDDh8ymvBEGWaeGKiMfA6/QBEGYThfSuJGVbXD0M9xeUzoBvOOoQrYR9i9kkcT\no2e2APeFKm1s8/J4rDc+M3fQdWF8jc1UwSblXQjgXl6yDSSAF53fPNGBsToSDZaF\nFvU9dtiBO0pDPYcWl+RYq25bG/K9LOSIn//9gHS9LTyVtfrfYdPfWSeY3ifZwrFT\nW2bQlTOH4+521uVgCNs/mDPHzpVpcFAZ+4MFci0iNmpb7bEdm7zq/4dsCdIaCAUc\nqC6H+teCI7slAAABAEtyEfCnq2K6B3SfrtbRNO9s8kVhhSKcshr7O3QZq7fX+OP/\nh9nUAyt7mV81JEbm3INJCt+X52zozFqTanojENZ/NhAZo6qsm0St+8DbF/KbEP0j\n+d0mLIKOvv4/cUj7DQ5HGKPYSqs2VefzBnm8k4f4JUTPv+Fp78BNmdQZfIx9wE/8\n2Y2QRj7DS142ikyYgJUzuUnvqLiZgcmGs4/WGvgaoF0gwURdJBczE3YeWqAF7Lvw\nTGCcigh7uCqQ+VATwVp9GuKTu/PVH8aeHH2BXl5lDoRvWBaEOR0rRUUJtFxlCY8J\neu6iAS1GgqktC5KZfpZhBkuiXIpec/s1dUXvP5cAAAEBAO+ovT0Ex3U7Qm56d8p1\n02P+MiCMxIUwzV55GbU0RfxVonN068W09XBoIIk80n5O5sVi9eM4wTgXP/1gEuvq\nehasGsTGPIwSj2k3WaGRmmo0tKz+vK11JGrPdqb9S5P6IObzFf1ubqiSXbOX+kHB\neN8qp0JpXjEHK/FXJb0ffcDMSkCuNVXHBAZKeQMfZpd95aQRhUGOB4PDKqua4qMt\nTKz9OsAVigrnf61XotNBU0nZHDnzfRCsKeEWenezR6Ai45ZusKODupBuXeuopzmN\nXsdKh6/nDjzpJvXbVdLDaHMSSbC1HFOPR54i19J+Z47/78qcSyyuHxK59Mk6yNkA\nP8MAAAEBAPKbxBRfYKDs7rGdQmluRZSCEkpAb6emiKSeh3XaNzYn62jrFFM6pTtR\nWbZvld8wSrNux03gTV9/eROQaMDx7HvaC+0A9cD0toP8nqyay9YnUHCuLA7f9Tyw\n6tMHQ5geuSfcVKGqE+ogkpGZPESsTXwuG2xbdLfbSQsMFj3wbaUXOdtAT42hbUFP\nBGF9NY0kDONKxL0nHUE9vveMIPQCcIHKHMZl2WXEno8D7MwcGYMPgTFsjMrsMKeI\n06QMrogc4boqgwUjQVYKEu3QKtEqzo195H9I1IT2Z/4SPVCDtbMAfRwGjiDep7ea\n5J+Z7elhuf4caLaBosS57zFrwTv0Ix0AAAAAAQID\n-----END OPENSSH PRIVATE KEY-----\n",
            "private_key_pem": "-----BEGIN RSA PRIVATE KEY-----\nMIIJJwIBAAKCAgEA4x9VnoXSBir19b2DaTmoYcPjgz0xzFxMEY3YBml7qXCeE9pE\n6bHVwsMK7lWfFoW5G3h9gavRIYS0BIoKsgFlTUtl69QiKIgk26wdr4+zYgZR2Qrp\n/w3QQWCk6MkK3BxtP/HMPIo5fXoEq+zxH8KCqI9AvyCcECC5AaiEnlAfAn7YoIkK\nVo9sxXGdNObw/8L0DSmCs8nrGEJSmQIBh6ZYGYZTse0sgb9Mzl59nZuT0Pcshgxx\nOSWApye3sWINViC/nt0uioSvIHVIUcN8W3EFSPtYHo/fhz27f4kLbqKQRIg3q9uD\nTtor5v1MA+EAs7jV0UTOwx1SCtxDKY4aYBgemEzVeJwxG9m6+yiBpcfypME1EdOF\n7YxM87XrCKS2R8ARGSt36qLq89eoeFlRWuel+oZvmPega9ZiHMpw2NDvIFHUJIZv\ntmtMZJnm/51S0oN3SSYIVHPYTaOZjVp7inIQqqUjxeHT5a01VQzr1pcW1u09lnDT\nCyk56yWhXlu9ggn0oUEeBbMjEsEV2fY91A49dIXl/JEUS14vKIr5SVGGst/I6F64\nnPoygAMGfugFpmcrMttQINy8C1A00eicqWw0pw6gt8Q9wRoMzx+/j41niybn7uG+\nhWvpAiBSBYkGS3rODszV/vRDrvWRpt4ry6cj9upbjui2caR9hHCUXVSa4hcCAwEA\nAQKCAgAhVRPEOECKuNsFwy1E5U+HIEVvboI0oKZl/HVj+i7KFGXmulBbJHHKQRoF\na28gfOSd7vuAazO94b4SXSNVB4ETVx7wqDPmfes8NWYv7KeMxH+rmlSdeCyvA5zV\nhc0rC52kVlC9NnivJ8KwFriL4DM7w2ENtnP2UU8a5V1SkftTFZmmSdEeGLODxfj7\n7sQXd8hIduX14TWNsbdx5DT5mwSao7enHmHl8tTgrpvB5IzM4hGt5KfolU6XJEGV\nw12mB8KyRnoSSIcefN1DFAJYCzNq3Wm2e91Neau0URZqmL9n3L6gNrmZJMoaVDny\nkcmAFtQuf7+BLCLtHBwGk700NXtRDk0TNe5JUikPWdfDA/ofMrKyOLhvit516UI/\nEUAk/nfVE05fv1CyQBE1nT7eJ5Sp9MPM9uBz41zcgw4fMprwRBlmnhiojHwOv0AR\nBmE4X0riRlW1w9DPcXlM6AbzjqEK2EfYvZJHE6NntgD3hSptbPPyeKw3PjN30HVh\nfI3NVMEm5V0I4F5esg0kgBed3zzRgbE6Eg2WhRb1PXbYgTtKQz2HFpfkWKtuWxvy\nvSzkiJ///YB0vS08lbX632HT31knmN4n2cKxU1tm0JUzh+PudtblYAjbP5gzx86V\naXBQGfuDBXItIjZqW+2xHZu86v+HbAnSGggFHKguh/rXgiO7JQKCAQEA76i9PQTH\ndTtCbnp3ynXTY/4yIIzEhTDNXnkZtTRF/FWic3TrxbT1cGggiTzSfk7mxWL14zjB\nOBc//WAS6+p6FqwaxMY8jBKPaTdZoZGaajS0rP68rXUkas92pv1Lk/og5vMV/W5u\nqJJds5f6QcF43yqnQmleMQcr8VclvR99wMxKQK41VccEBkp5Ax9ml33lpBGFQY4H\ng8Mqq5rioy1MrP06wBWKCud/rVei00FTSdkcOfN9EKwp4RZ6d7NHoCLjlm6wo4O6\nkG5d66inOY1ex0qHr+cOPOkm9dtV0sNocxJJsLUcU49HniLX0n5njv/vypxLLK4f\nErn0yTrI2QA/wwKCAQEA8pvEFF9goOzusZ1CaW5FlIISSkBvp6aIpJ6Hddo3Nifr\naOsUUzqlO1FZtm+V3zBKs27HTeBNX395E5BowPHse9oL7QD1wPS2g/yerJrL1idQ\ncK4sDt/1PLDq0wdDmB65J9xUoaoT6iCSkZk8RKxNfC4bbFt0t9tJCwwWPfBtpRc5\n20BPjaFtQU8EYX01jSQM40rEvScdQT2+94wg9AJwgcocxmXZZcSejwPszBwZgw+B\nMWyMyuwwp4jTpAyuiBzhuiqDBSNBVgoS7dAq0SrOjX3kf0jUhPZn/hI9UIO1swB9\nHAaOIN6nt5rkn5nt6WG5/hxotoGixLnvMWvBO/QjHQKCAQAKmAntdZWfkAQKwC0l\nbPnwNJ9govhY7uRVJcNGKE5jriFlOyjk72/eDSxLBL5FSRWYahx2c97OrPBuMd4E\nQbQt5mO0iRLKGlPukbzLkJUj1rqZ3xTWEhSPCCa1kQLTQr5LlzlEn6oSl42+z5wH\nZhcCvm7wV5oLTsbZf0Gyz36OlDlADLNc3FRINuiMg8nULoOFMiUS1cVtRKZROaKF\nFg6KoxMCxLD6dGtHbVVMQ1n8LLW7thC0OPgM9CJrwigLYx9uWexC/iK0GbzbGvRx\nbddfteKzmuIdPS00twJfM7YdSBSr1AWxh+bhjaa+rknDn3qpGSmViwjimgfBEXEp\nboJjAoIBAEC1Wy8z4UoK5/9nunb0eoqJxucXGLDWskt2HRtKAL/pFdj+GoW4dqnD\noPIQASFud/4z5eTXlsuJ7HlTYx1TaYf/OH8WanX0z1mU352aDBQqmEH1srqk8Xwm\nk/uFTHoed7QyCEC2ZGlmFrHO9Uw7yM7+XUIhgpgnXOwdZTFQF26ZK01XceCM1d89\nfCWkh8wFeYqGPsNU03C7T1wnfAKZQ/jaN6KTN9D1CHWMznQCaquSTxsnoMXfCXsl\n+40d9M9JJMvK2vdb1+li9nmHtGPlzwHeOjvY6RYtwr75jnETMDt2PehjtzT9Li7C\nmYgYPmSpNDqayTMkkI14Klw8KWYcT+ECggEAS3IR8KerYroHdJ+u1tE072zyRWGF\nIpyyGvs7dBmrt9f44/+H2dQDK3uZXzUkRubcg0kK35fnbOjMWpNqeiMQ1n82EBmj\nqqybRK37wNsX8psQ/SP53SYsgo6+/j9xSPsNDkcYo9hKqzZV5/MGebyTh/glRM+/\n4WnvwE2Z1Bl8jH3AT/zZjZBGPsNLXjaKTJiAlTO5Se+ouJmByYazj9Ya+BqgXSDB\nRF0kFzMTdh5aoAXsu/BMYJyKCHu4KpD5UBPBWn0a4pO789Ufxp4cfYFeXmUOhG9Y\nFoQ5HStFRQm0XGUJjwl67qIBLUaCqS0Lkpl+lmEGS6Jcil5z+zV1Re8/lw==\n-----END RSA PRIVATE KEY-----\n",
            "private_key_pem_pkcs8": "-----BEGIN PRIVATE KEY-----\nMIIJQQIBADANBgkqhkiG9w0BAQEFAASCCSswggknAgEAAoICAQDjH1WehdIGKvX1\nvYNpOahhw+ODPTHMXEwRjdgGaXupcJ4T2kTpsdXCwwruVZ8WhbkbeH2Bq9EhhLQE\nigqyAWVNS2Xr1CIoiCTbrB2vj7NiBlHZCun/DdBBYKToyQrcHG0/8cw8ijl9egSr\n7PEfwoKoj0C/IJwQILkBqISeUB8CftigiQpWj2zFcZ005vD/wvQNKYKzyesYQlKZ\nAgGHplgZhlOx7SyBv0zOXn2dm5PQ9yyGDHE5JYCnJ7exYg1WIL+e3S6KhK8gdUhR\nw3xbcQVI+1gej9+HPbt/iQtuopBEiDer24NO2ivm/UwD4QCzuNXRRM7DHVIK3EMp\njhpgGB6YTNV4nDEb2br7KIGlx/KkwTUR04XtjEzztesIpLZHwBEZK3fqourz16h4\nWVFa56X6hm+Y96Br1mIcynDY0O8gUdQkhm+2a0xkmeb/nVLSg3dJJghUc9hNo5mN\nWnuKchCqpSPF4dPlrTVVDOvWlxbW7T2WcNMLKTnrJaFeW72CCfShQR4FsyMSwRXZ\n9j3UDj10heX8kRRLXi8oivlJUYay38joXric+jKAAwZ+6AWmZysy21Ag3LwLUDTR\n6JypbDSnDqC3xD3BGgzPH7+PjWeLJufu4b6Fa+kCIFIFiQZLes4OzNX+9EOu9ZGm\n3ivLpyP26luO6LZxpH2EcJRdVJriFwIDAQABAoICACFVE8Q4QIq42wXDLUTlT4cg\nRW9ugjSgpmX8dWP6LsoUZea6UFskccpBGgVrbyB85J3u+4BrM73hvhJdI1UHgRNX\nHvCoM+Z96zw1Zi/sp4zEf6uaVJ14LK8DnNWFzSsLnaRWUL02eK8nwrAWuIvgMzvD\nYQ22c/ZRTxrlXVKR+1MVmaZJ0R4Ys4PF+PvuxBd3yEh25fXhNY2xt3HkNPmbBJqj\nt6ceYeXy1OCum8HkjMziEa3kp+iVTpckQZXDXaYHwrJGehJIhx583UMUAlgLM2rd\nabZ73U15q7RRFmqYv2fcvqA2uZkkyhpUOfKRyYAW1C5/v4EsIu0cHAaTvTQ1e1EO\nTRM17klSKQ9Z18MD+h8ysrI4uG+K3nXpQj8RQCT+d9UTTl+/ULJAETWdPt4nlKn0\nw8z24HPjXNyDDh8ymvBEGWaeGKiMfA6/QBEGYThfSuJGVbXD0M9xeUzoBvOOoQrY\nR9i9kkcTo2e2APeFKm1s8/J4rDc+M3fQdWF8jc1UwSblXQjgXl6yDSSAF53fPNGB\nsToSDZaFFvU9dtiBO0pDPYcWl+RYq25bG/K9LOSIn//9gHS9LTyVtfrfYdPfWSeY\n3ifZwrFTW2bQlTOH4+521uVgCNs/mDPHzpVpcFAZ+4MFci0iNmpb7bEdm7zq/4ds\nCdIaCAUcqC6H+teCI7slAoIBAQDvqL09BMd1O0JuenfKddNj/jIgjMSFMM1eeRm1\nNEX8VaJzdOvFtPVwaCCJPNJ+TubFYvXjOME4Fz/9YBLr6noWrBrExjyMEo9pN1mh\nkZpqNLSs/rytdSRqz3am/UuT+iDm8xX9bm6okl2zl/pBwXjfKqdCaV4xByvxVyW9\nH33AzEpArjVVxwQGSnkDH2aXfeWkEYVBjgeDwyqrmuKjLUys/TrAFYoK53+tV6LT\nQVNJ2Rw5830QrCnhFnp3s0egIuOWbrCjg7qQbl3rqKc5jV7HSoev5w486Sb121XS\nw2hzEkmwtRxTj0eeItfSfmeO/+/KnEssrh8SufTJOsjZAD/DAoIBAQDym8QUX2Cg\n7O6xnUJpbkWUghJKQG+npoiknod12jc2J+to6xRTOqU7UVm2b5XfMEqzbsdN4E1f\nf3kTkGjA8ex72gvtAPXA9LaD/J6smsvWJ1BwriwO3/U8sOrTB0OYHrkn3FShqhPq\nIJKRmTxErE18LhtsW3S320kLDBY98G2lFznbQE+NoW1BTwRhfTWNJAzjSsS9Jx1B\nPb73jCD0AnCByhzGZdllxJ6PA+zMHBmDD4ExbIzK7DCniNOkDK6IHOG6KoMFI0FW\nChLt0CrRKs6NfeR/SNSE9mf+Ej1Qg7WzAH0cBo4g3qe3muSfme3pYbn+HGi2gaLE\nue8xa8E79CMdAoIBAAqYCe11lZ+QBArALSVs+fA0n2Ci+Fju5FUlw0YoTmOuIWU7\nKOTvb94NLEsEvkVJFZhqHHZz3s6s8G4x3gRBtC3mY7SJEsoaU+6RvMuQlSPWupnf\nFNYSFI8IJrWRAtNCvkuXOUSfqhKXjb7PnAdmFwK+bvBXmgtOxtl/QbLPfo6UOUAM\ns1zcVEg26IyDydQug4UyJRLVxW1EplE5ooUWDoqjEwLEsPp0a0dtVUxDWfwstbu2\nELQ4+Az0ImvCKAtjH25Z7EL+IrQZvNsa9HFt11+14rOa4h09LTS3Al8zth1IFKvU\nBbGH5uGNpr6uScOfeqkZKZWLCOKaB8ERcSlugmMCggEAQLVbLzPhSgrn/2e6dvR6\nionG5xcYsNayS3YdG0oAv+kV2P4ahbh2qcOg8hABIW53/jPl5NeWy4nseVNjHVNp\nh/84fxZqdfTPWZTfnZoMFCqYQfWyuqTxfCaT+4VMeh53tDIIQLZkaWYWsc71TDvI\nzv5dQiGCmCdc7B1lMVAXbpkrTVdx4IzV3z18JaSHzAV5ioY+w1TTcLtPXCd8AplD\n+No3opM30PUIdYzOdAJqq5JPGyegxd8JeyX7jR30z0kky8ra91vX6WL2eYe0Y+XP\nAd46O9jpFi3CvvmOcRMwO3Y96GO3NP0uLsKZiBg+ZKk0OprJMySQjXgqXDwpZhxP\n4QKCAQBLchHwp6tiugd0n67W0TTvbPJFYYUinLIa+zt0Gau31/jj/4fZ1AMre5lf\nNSRG5tyDSQrfl+ds6Mxak2p6IxDWfzYQGaOqrJtErfvA2xfymxD9I/ndJiyCjr7+\nP3FI+w0ORxij2EqrNlXn8wZ5vJOH+CVEz7/hae/ATZnUGXyMfcBP/NmNkEY+w0te\nNopMmICVM7lJ76i4mYHJhrOP1hr4GqBdIMFEXSQXMxN2HlqgBey78ExgnIoIe7gq\nkPlQE8FafRrik7vz1R/Gnhx9gV5eZQ6Eb1gWhDkdK0VFCbRcZQmPCXruogEtRoKp\nLQuSmX6WYQZLolyKXnP7NXVF7z+X\n-----END PRIVATE KEY-----\n",
            "public_key_fingerprint_md5": "4e:43:29:44:e5:0f:54:d6:ab:85:50:d5:97:f7:75:62",
            "public_key_fingerprint_sha256": "SHA256:o3RPjBNZrhOKX5pg10kRpqo7dZCQAn9kXYTHvoCwtYU",
            "public_key_openssh": "ssh-rsa AAAAB3NzaC1yc2EAAAADAQABAAACAQDjH1WehdIGKvX1vYNpOahhw+ODPTHMXEwRjdgGaXupcJ4T2kTpsdXCwwruVZ8WhbkbeH2Bq9EhhLQEigqyAWVNS2Xr1CIoiCTbrB2vj7NiBlHZCun/DdBBYKToyQrcHG0/8cw8ijl9egSr7PEfwoKoj0C/IJwQILkBqISeUB8CftigiQpWj2zFcZ005vD/wvQNKYKzyesYQlKZAgGHplgZhlOx7SyBv0zOXn2dm5PQ9yyGDHE5JYCnJ7exYg1WIL+e3S6KhK8gdUhRw3xbcQVI+1gej9+HPbt/iQtuopBEiDer24NO2ivm/UwD4QCzuNXRRM7DHVIK3EMpjhpgGB6YTNV4nDEb2br7KIGlx/KkwTUR04XtjEzztesIpLZHwBEZK3fqourz16h4WVFa56X6hm+Y96Br1mIcynDY0O8gUdQkhm+2a0xkmeb/nVLSg3dJJghUc9hNo5mNWnuKchCqpSPF4dPlrTVVDOvWlxbW7T2WcNMLKTnrJaFeW72CCfShQR4FsyMSwRXZ9j3UDj10heX8kRRLXi8oivlJUYay38joXric+jKAAwZ+6AWmZysy21Ag3LwLUDTR6JypbDSnDqC3xD3BGgzPH7+PjWeLJufu4b6Fa+kCIFIFiQZLes4OzNX+9EOu9ZGm3ivLpyP26luO6LZxpH2EcJRdVJriFw==\n",
            "public_key_pem": "-----BEGIN PUBLIC KEY-----\nMIICIjANBgkqhkiG9w0BAQEFAAOCAg8AMIICCgKCAgEA4x9VnoXSBir19b2DaTmo\nYcPjgz0xzFxMEY3YBml7qXCeE9pE6bHVwsMK7lWfFoW5G3h9gavRIYS0BIoKsgFl\nTUtl69QiKIgk26wdr4+zYgZR2Qrp/w3QQWCk6MkK3BxtP/HMPIo5fXoEq+zxH8KC\nqI9AvyCcECC5AaiEnlAfAn7YoIkKVo9sxXGdNObw/8L0DSmCs8nrGEJSmQIBh6ZY\nGYZTse0sgb9Mzl59nZuT0PcshgxxOSWApye3sWINViC/nt0uioSvIHVIUcN8W3EF\nSPtYHo/fhz27f4kLbqKQRIg3q9uDTtor5v1MA+EAs7jV0UTOwx1SCtxDKY4aYBge\nmEzVeJwxG9m6+yiBpcfypME1EdOF7YxM87XrCKS2R8ARGSt36qLq89eoeFlRWuel\n+oZvmPega9ZiHMpw2NDvIFHUJIZvtmtMZJnm/51S0oN3SSYIVHPYTaOZjVp7inIQ\nqqUjxeHT5a01VQzr1pcW1u09lnDTCyk56yWhXlu9ggn0oUEeBbMjEsEV2fY91A49\ndIXl/JEUS14vKIr5SVGGst/I6F64nPoygAMGfugFpmcrMttQINy8C1A00eicqWw0\npw6gt8Q9wRoMzx+/j41niybn7uG+hWvpAiBSBYkGS3rODszV/vRDrvWRpt4ry6cj\n9upbjui2caR9hHCUXVSa4hcCAwEAAQ==\n-----END PUBLIC KEY-----\n",
            "rsa_bits": 4096
          },
          "sensitive_attributes": [
            [
              {
                "type": "get_attr",
                "value": "private_key_openssh"
              }
            ],
            [
              {
                "type": "get_attr",
                "value": "private_key_pem"
              }
            ],
            [
              {
                "type": "get_attr",
                "value": "private_key_pem_pkcs8"
              }
            ]
          ],
          "identity_schema_version": 0,
          "create_before_destroy": true
        }
      ]
    }
  ],
  "check_results": null
}
